// !$*UTF8*$!
{
	archiveVersion = 1;
	classes = {
	};
	objectVersion = 46;
	objects = {

/* Begin PBXBuildFile section */
		339CA2021A87FEBB009DF431 /* Main.storyboard in Resources */ = {isa = PBXBuildFile; fileRef = 339CA2001A87FEBB009DF431 /* Main.storyboard */; };
		339CA2041A87FEBB009DF431 /* Images.xcassets in Resources */ = {isa = PBXBuildFile; fileRef = 339CA2031A87FEBB009DF431 /* Images.xcassets */; };
		339CA2071A87FEBB009DF431 /* LaunchScreen.xib in Resources */ = {isa = PBXBuildFile; fileRef = 339CA2051A87FEBB009DF431 /* LaunchScreen.xib */; };
		339CA2131A87FEBB009DF431 /* MTURLImageCacheTests.m in Sources */ = {isa = PBXBuildFile; fileRef = 339CA2121A87FEBB009DF431 /* MTURLImageCacheTests.m */; };
		339CA2311A87FF31009DF431 /* AppDelegate.m in Sources */ = {isa = PBXBuildFile; fileRef = 339CA21E1A87FF31009DF431 /* AppDelegate.m */; };
		339CA2321A87FF31009DF431 /* main.m in Sources */ = {isa = PBXBuildFile; fileRef = 339CA21F1A87FF31009DF431 /* main.m */; };
		339CA2331A87FF31009DF431 /* MTURLImageCache.m in Sources */ = {isa = PBXBuildFile; fileRef = 339CA2221A87FF31009DF431 /* MTURLImageCache.m */; };
		339CA2341A87FF31009DF431 /* AppDirectory.m in Sources */ = {isa = PBXBuildFile; fileRef = 339CA2271A87FF31009DF431 /* AppDirectory.m */; };
		339CA2351A87FF31009DF431 /* Configuration.m in Sources */ = {isa = PBXBuildFile; fileRef = 339CA2291A87FF31009DF431 /* Configuration.m */; };
		339CA2361A87FF31009DF431 /* DeviceInfo.m in Sources */ = {isa = PBXBuildFile; fileRef = 339CA22B1A87FF31009DF431 /* DeviceInfo.m */; };
		339CA2371A87FF31009DF431 /* FirstViewController.m in Sources */ = {isa = PBXBuildFile; fileRef = 339CA22E1A87FF31009DF431 /* FirstViewController.m */; };
		339CA2381A87FF31009DF431 /* SecondViewController.m in Sources */ = {isa = PBXBuildFile; fileRef = 339CA2301A87FF31009DF431 /* SecondViewController.m */; };
		339CA26B1A880105009DF431 /* ACAccountStore+PromiseKit.m in Sources */ = {isa = PBXBuildFile; fileRef = 339CA23B1A880105009DF431 /* ACAccountStore+PromiseKit.m */; };
		339CA26C1A880105009DF431 /* AVAudioSession+PromiseKit.m in Sources */ = {isa = PBXBuildFile; fileRef = 339CA23D1A880105009DF431 /* AVAudioSession+PromiseKit.m */; };
		339CA26D1A880105009DF431 /* CALayer+PromiseKit.m in Sources */ = {isa = PBXBuildFile; fileRef = 339CA23F1A880105009DF431 /* CALayer+PromiseKit.m */; };
		339CA26E1A880105009DF431 /* CKContainer+PromiseKit.m in Sources */ = {isa = PBXBuildFile; fileRef = 339CA2411A880105009DF431 /* CKContainer+PromiseKit.m */; };
		339CA26F1A880105009DF431 /* CKDatabase+PromiseKit.m in Sources */ = {isa = PBXBuildFile; fileRef = 339CA2431A880105009DF431 /* CKDatabase+PromiseKit.m */; };
		339CA2701A880105009DF431 /* CLGeocoder+PromiseKit.m in Sources */ = {isa = PBXBuildFile; fileRef = 339CA2451A880105009DF431 /* CLGeocoder+PromiseKit.m */; };
		339CA2711A880105009DF431 /* CLLocationManager+PromiseKit.m in Sources */ = {isa = PBXBuildFile; fileRef = 339CA2471A880105009DF431 /* CLLocationManager+PromiseKit.m */; };
		339CA2721A880105009DF431 /* MKDirections+PromiseKit.m in Sources */ = {isa = PBXBuildFile; fileRef = 339CA2491A880105009DF431 /* MKDirections+PromiseKit.m */; };
		339CA2731A880105009DF431 /* MKMapSnapshotter+PromiseKit.m in Sources */ = {isa = PBXBuildFile; fileRef = 339CA24B1A880105009DF431 /* MKMapSnapshotter+PromiseKit.m */; };
		339CA2741A880105009DF431 /* NSFileManager+PromiseKit.m in Sources */ = {isa = PBXBuildFile; fileRef = 339CA24D1A880105009DF431 /* NSFileManager+PromiseKit.m */; };
		339CA2751A880105009DF431 /* NSNotificationCenter+PromiseKit.m in Sources */ = {isa = PBXBuildFile; fileRef = 339CA24F1A880105009DF431 /* NSNotificationCenter+PromiseKit.m */; };
		339CA2781A880105009DF431 /* PMKPromise+Pause.m in Sources */ = {isa = PBXBuildFile; fileRef = 339CA2541A880105009DF431 /* PMKPromise+Pause.m */; };
		339CA2791A880105009DF431 /* PMKPromise+Until.m in Sources */ = {isa = PBXBuildFile; fileRef = 339CA2551A880105009DF431 /* PMKPromise+Until.m */; };
		339CA27A1A880105009DF431 /* PMKPromise+When.m in Sources */ = {isa = PBXBuildFile; fileRef = 339CA2561A880105009DF431 /* PMKPromise+When.m */; };
		339CA27B1A880105009DF431 /* PMKPromise.m in Sources */ = {isa = PBXBuildFile; fileRef = 339CA2571A880105009DF431 /* PMKPromise.m */; };
		339CA27C1A880105009DF431 /* SKRequest+PromiseKit.m in Sources */ = {isa = PBXBuildFile; fileRef = 339CA2601A880105009DF431 /* SKRequest+PromiseKit.m */; };
		339CA27D1A880105009DF431 /* SLRequest+PromiseKit.m in Sources */ = {isa = PBXBuildFile; fileRef = 339CA2621A880105009DF431 /* SLRequest+PromiseKit.m */; };
		339CA27E1A880105009DF431 /* UIActionSheet+PromiseKit.m in Sources */ = {isa = PBXBuildFile; fileRef = 339CA2641A880105009DF431 /* UIActionSheet+PromiseKit.m */; };
		339CA27F1A880105009DF431 /* UIAlertView+PromiseKit.m in Sources */ = {isa = PBXBuildFile; fileRef = 339CA2661A880105009DF431 /* UIAlertView+PromiseKit.m */; };
		339CA2801A880105009DF431 /* UIView+PromiseKit.m in Sources */ = {isa = PBXBuildFile; fileRef = 339CA2681A880105009DF431 /* UIView+PromiseKit.m */; };
		339CA2811A880105009DF431 /* UIViewController+PromiseKit.m in Sources */ = {isa = PBXBuildFile; fileRef = 339CA26A1A880105009DF431 /* UIViewController+PromiseKit.m */; };
/* End PBXBuildFile section */

/* Begin PBXContainerItemProxy section */
		339CA20D1A87FEBB009DF431 /* PBXContainerItemProxy */ = {
			isa = PBXContainerItemProxy;
			containerPortal = 339CA1E81A87FEBB009DF431 /* Project object */;
			proxyType = 1;
			remoteGlobalIDString = 339CA1EF1A87FEBB009DF431;
			remoteInfo = MTURLImageCache;
		};
/* End PBXContainerItemProxy section */

/* Begin PBXFileReference section */
		339CA1F01A87FEBB009DF431 /* MTURLImageCache.app */ = {isa = PBXFileReference; explicitFileType = wrapper.application; includeInIndex = 0; path = MTURLImageCache.app; sourceTree = BUILT_PRODUCTS_DIR; };
		339CA1F41A87FEBB009DF431 /* Info.plist */ = {isa = PBXFileReference; lastKnownFileType = text.plist.xml; path = Info.plist; sourceTree = "<group>"; };
		339CA2011A87FEBB009DF431 /* Base */ = {isa = PBXFileReference; lastKnownFileType = file.storyboard; name = Base; path = Base.lproj/Main.storyboard; sourceTree = "<group>"; };
		339CA2031A87FEBB009DF431 /* Images.xcassets */ = {isa = PBXFileReference; lastKnownFileType = folder.assetcatalog; path = Images.xcassets; sourceTree = "<group>"; };
		339CA2061A87FEBB009DF431 /* Base */ = {isa = PBXFileReference; lastKnownFileType = file.xib; name = Base; path = Base.lproj/LaunchScreen.xib; sourceTree = "<group>"; };
		339CA20C1A87FEBB009DF431 /* MTURLImageCacheTests.xctest */ = {isa = PBXFileReference; explicitFileType = wrapper.cfbundle; includeInIndex = 0; path = MTURLImageCacheTests.xctest; sourceTree = BUILT_PRODUCTS_DIR; };
		339CA2111A87FEBB009DF431 /* Info.plist */ = {isa = PBXFileReference; lastKnownFileType = text.plist.xml; path = Info.plist; sourceTree = "<group>"; };
		339CA2121A87FEBB009DF431 /* MTURLImageCacheTests.m */ = {isa = PBXFileReference; lastKnownFileType = sourcecode.c.objc; path = MTURLImageCacheTests.m; sourceTree = "<group>"; };
		339CA21D1A87FF31009DF431 /* AppDelegate.h */ = {isa = PBXFileReference; fileEncoding = 4; lastKnownFileType = sourcecode.c.h; path = AppDelegate.h; sourceTree = "<group>"; };
		339CA21E1A87FF31009DF431 /* AppDelegate.m */ = {isa = PBXFileReference; fileEncoding = 4; lastKnownFileType = sourcecode.c.objc; path = AppDelegate.m; sourceTree = "<group>"; };
		339CA21F1A87FF31009DF431 /* main.m */ = {isa = PBXFileReference; fileEncoding = 4; lastKnownFileType = sourcecode.c.objc; path = main.m; sourceTree = "<group>"; };
		339CA2211A87FF31009DF431 /* MTURLImageCache.h */ = {isa = PBXFileReference; fileEncoding = 4; lastKnownFileType = sourcecode.c.h; path = MTURLImageCache.h; sourceTree = "<group>"; };
		339CA2221A87FF31009DF431 /* MTURLImageCache.m */ = {isa = PBXFileReference; fileEncoding = 4; lastKnownFileType = sourcecode.c.objc; path = MTURLImageCache.m; sourceTree = "<group>"; };
		339CA2261A87FF31009DF431 /* AppDirectory.h */ = {isa = PBXFileReference; fileEncoding = 4; lastKnownFileType = sourcecode.c.h; path = AppDirectory.h; sourceTree = "<group>"; };
		339CA2271A87FF31009DF431 /* AppDirectory.m */ = {isa = PBXFileReference; fileEncoding = 4; lastKnownFileType = sourcecode.c.objc; path = AppDirectory.m; sourceTree = "<group>"; };
		339CA2281A87FF31009DF431 /* Configuration.h */ = {isa = PBXFileReference; fileEncoding = 4; lastKnownFileType = sourcecode.c.h; path = Configuration.h; sourceTree = "<group>"; };
		339CA2291A87FF31009DF431 /* Configuration.m */ = {isa = PBXFileReference; fileEncoding = 4; lastKnownFileType = sourcecode.c.objc; path = Configuration.m; sourceTree = "<group>"; };
		339CA22A1A87FF31009DF431 /* DeviceInfo.h */ = {isa = PBXFileReference; fileEncoding = 4; lastKnownFileType = sourcecode.c.h; path = DeviceInfo.h; sourceTree = "<group>"; };
		339CA22B1A87FF31009DF431 /* DeviceInfo.m */ = {isa = PBXFileReference; fileEncoding = 4; lastKnownFileType = sourcecode.c.objc; path = DeviceInfo.m; sourceTree = "<group>"; };
		339CA22D1A87FF31009DF431 /* FirstViewController.h */ = {isa = PBXFileReference; fileEncoding = 4; lastKnownFileType = sourcecode.c.h; path = FirstViewController.h; sourceTree = "<group>"; };
		339CA22E1A87FF31009DF431 /* FirstViewController.m */ = {isa = PBXFileReference; fileEncoding = 4; lastKnownFileType = sourcecode.c.objc; path = FirstViewController.m; sourceTree = "<group>"; };
		339CA22F1A87FF31009DF431 /* SecondViewController.h */ = {isa = PBXFileReference; fileEncoding = 4; lastKnownFileType = sourcecode.c.h; path = SecondViewController.h; sourceTree = "<group>"; };
		339CA2301A87FF31009DF431 /* SecondViewController.m */ = {isa = PBXFileReference; fileEncoding = 4; lastKnownFileType = sourcecode.c.objc; path = SecondViewController.m; sourceTree = "<group>"; };
		339CA23A1A880105009DF431 /* ACAccountStore+PromiseKit.h */ = {isa = PBXFileReference; fileEncoding = 4; lastKnownFileType = sourcecode.c.h; path = "ACAccountStore+PromiseKit.h"; sourceTree = "<group>"; };
		339CA23B1A880105009DF431 /* ACAccountStore+PromiseKit.m */ = {isa = PBXFileReference; fileEncoding = 4; lastKnownFileType = sourcecode.c.objc; path = "ACAccountStore+PromiseKit.m"; sourceTree = "<group>"; };
		339CA23C1A880105009DF431 /* AVAudioSession+PromiseKit.h */ = {isa = PBXFileReference; fileEncoding = 4; lastKnownFileType = sourcecode.c.h; path = "AVAudioSession+PromiseKit.h"; sourceTree = "<group>"; };
		339CA23D1A880105009DF431 /* AVAudioSession+PromiseKit.m */ = {isa = PBXFileReference; fileEncoding = 4; lastKnownFileType = sourcecode.c.objc; path = "AVAudioSession+PromiseKit.m"; sourceTree = "<group>"; };
		339CA23E1A880105009DF431 /* CALayer+PromiseKit.h */ = {isa = PBXFileReference; fileEncoding = 4; lastKnownFileType = sourcecode.c.h; path = "CALayer+PromiseKit.h"; sourceTree = "<group>"; };
		339CA23F1A880105009DF431 /* CALayer+PromiseKit.m */ = {isa = PBXFileReference; fileEncoding = 4; lastKnownFileType = sourcecode.c.objc; path = "CALayer+PromiseKit.m"; sourceTree = "<group>"; };
		339CA2401A880105009DF431 /* CKContainer+PromiseKit.h */ = {isa = PBXFileReference; fileEncoding = 4; lastKnownFileType = sourcecode.c.h; path = "CKContainer+PromiseKit.h"; sourceTree = "<group>"; };
		339CA2411A880105009DF431 /* CKContainer+PromiseKit.m */ = {isa = PBXFileReference; fileEncoding = 4; lastKnownFileType = sourcecode.c.objc; path = "CKContainer+PromiseKit.m"; sourceTree = "<group>"; };
		339CA2421A880105009DF431 /* CKDatabase+PromiseKit.h */ = {isa = PBXFileReference; fileEncoding = 4; lastKnownFileType = sourcecode.c.h; path = "CKDatabase+PromiseKit.h"; sourceTree = "<group>"; };
		339CA2431A880105009DF431 /* CKDatabase+PromiseKit.m */ = {isa = PBXFileReference; fileEncoding = 4; lastKnownFileType = sourcecode.c.objc; path = "CKDatabase+PromiseKit.m"; sourceTree = "<group>"; };
		339CA2441A880105009DF431 /* CLGeocoder+PromiseKit.h */ = {isa = PBXFileReference; fileEncoding = 4; lastKnownFileType = sourcecode.c.h; path = "CLGeocoder+PromiseKit.h"; sourceTree = "<group>"; };
		339CA2451A880105009DF431 /* CLGeocoder+PromiseKit.m */ = {isa = PBXFileReference; fileEncoding = 4; lastKnownFileType = sourcecode.c.objc; path = "CLGeocoder+PromiseKit.m"; sourceTree = "<group>"; };
		339CA2461A880105009DF431 /* CLLocationManager+PromiseKit.h */ = {isa = PBXFileReference; fileEncoding = 4; lastKnownFileType = sourcecode.c.h; path = "CLLocationManager+PromiseKit.h"; sourceTree = "<group>"; };
		339CA2471A880105009DF431 /* CLLocationManager+PromiseKit.m */ = {isa = PBXFileReference; fileEncoding = 4; lastKnownFileType = sourcecode.c.objc; path = "CLLocationManager+PromiseKit.m"; sourceTree = "<group>"; };
		339CA2481A880105009DF431 /* MKDirections+PromiseKit.h */ = {isa = PBXFileReference; fileEncoding = 4; lastKnownFileType = sourcecode.c.h; path = "MKDirections+PromiseKit.h"; sourceTree = "<group>"; };
		339CA2491A880105009DF431 /* MKDirections+PromiseKit.m */ = {isa = PBXFileReference; fileEncoding = 4; lastKnownFileType = sourcecode.c.objc; path = "MKDirections+PromiseKit.m"; sourceTree = "<group>"; };
		339CA24A1A880105009DF431 /* MKMapSnapshotter+PromiseKit.h */ = {isa = PBXFileReference; fileEncoding = 4; lastKnownFileType = sourcecode.c.h; path = "MKMapSnapshotter+PromiseKit.h"; sourceTree = "<group>"; };
		339CA24B1A880105009DF431 /* MKMapSnapshotter+PromiseKit.m */ = {isa = PBXFileReference; fileEncoding = 4; lastKnownFileType = sourcecode.c.objc; path = "MKMapSnapshotter+PromiseKit.m"; sourceTree = "<group>"; };
		339CA24C1A880105009DF431 /* NSFileManager+PromiseKit.h */ = {isa = PBXFileReference; fileEncoding = 4; lastKnownFileType = sourcecode.c.h; path = "NSFileManager+PromiseKit.h"; sourceTree = "<group>"; };
		339CA24D1A880105009DF431 /* NSFileManager+PromiseKit.m */ = {isa = PBXFileReference; fileEncoding = 4; lastKnownFileType = sourcecode.c.objc; path = "NSFileManager+PromiseKit.m"; sourceTree = "<group>"; };
		339CA24E1A880105009DF431 /* NSNotificationCenter+PromiseKit.h */ = {isa = PBXFileReference; fileEncoding = 4; lastKnownFileType = sourcecode.c.h; path = "NSNotificationCenter+PromiseKit.h"; sourceTree = "<group>"; };
		339CA24F1A880105009DF431 /* NSNotificationCenter+PromiseKit.m */ = {isa = PBXFileReference; fileEncoding = 4; lastKnownFileType = sourcecode.c.objc; path = "NSNotificationCenter+PromiseKit.m"; sourceTree = "<group>"; };
		339CA2541A880105009DF431 /* PMKPromise+Pause.m */ = {isa = PBXFileReference; fileEncoding = 4; lastKnownFileType = sourcecode.c.objc; path = "PMKPromise+Pause.m"; sourceTree = "<group>"; };
		339CA2551A880105009DF431 /* PMKPromise+Until.m */ = {isa = PBXFileReference; fileEncoding = 4; lastKnownFileType = sourcecode.c.objc; path = "PMKPromise+Until.m"; sourceTree = "<group>"; };
		339CA2561A880105009DF431 /* PMKPromise+When.m */ = {isa = PBXFileReference; fileEncoding = 4; lastKnownFileType = sourcecode.c.objc; path = "PMKPromise+When.m"; sourceTree = "<group>"; };
		339CA2571A880105009DF431 /* PMKPromise.m */ = {isa = PBXFileReference; fileEncoding = 4; lastKnownFileType = sourcecode.c.objc; path = PMKPromise.m; sourceTree = "<group>"; };
		339CA2591A880105009DF431 /* fwd.h */ = {isa = PBXFileReference; fileEncoding = 4; lastKnownFileType = sourcecode.c.h; path = fwd.h; sourceTree = "<group>"; };
		339CA25A1A880105009DF431 /* Promise+Pause.h */ = {isa = PBXFileReference; fileEncoding = 4; lastKnownFileType = sourcecode.c.h; path = "Promise+Pause.h"; sourceTree = "<group>"; };
		339CA25B1A880105009DF431 /* Promise+Until.h */ = {isa = PBXFileReference; fileEncoding = 4; lastKnownFileType = sourcecode.c.h; path = "Promise+Until.h"; sourceTree = "<group>"; };
		339CA25C1A880105009DF431 /* Promise+When.h */ = {isa = PBXFileReference; fileEncoding = 4; lastKnownFileType = sourcecode.c.h; path = "Promise+When.h"; sourceTree = "<group>"; };
		339CA25D1A880105009DF431 /* Promise.h */ = {isa = PBXFileReference; fileEncoding = 4; lastKnownFileType = sourcecode.c.h; path = Promise.h; sourceTree = "<group>"; };
		339CA25E1A880105009DF431 /* PromiseKit.h */ = {isa = PBXFileReference; fileEncoding = 4; lastKnownFileType = sourcecode.c.h; path = PromiseKit.h; sourceTree = "<group>"; };
		339CA25F1A880105009DF431 /* SKRequest+PromiseKit.h */ = {isa = PBXFileReference; fileEncoding = 4; lastKnownFileType = sourcecode.c.h; path = "SKRequest+PromiseKit.h"; sourceTree = "<group>"; };
		339CA2601A880105009DF431 /* SKRequest+PromiseKit.m */ = {isa = PBXFileReference; fileEncoding = 4; lastKnownFileType = sourcecode.c.objc; path = "SKRequest+PromiseKit.m"; sourceTree = "<group>"; };
		339CA2611A880105009DF431 /* SLRequest+PromiseKit.h */ = {isa = PBXFileReference; fileEncoding = 4; lastKnownFileType = sourcecode.c.h; path = "SLRequest+PromiseKit.h"; sourceTree = "<group>"; };
		339CA2621A880105009DF431 /* SLRequest+PromiseKit.m */ = {isa = PBXFileReference; fileEncoding = 4; lastKnownFileType = sourcecode.c.objc; path = "SLRequest+PromiseKit.m"; sourceTree = "<group>"; };
		339CA2631A880105009DF431 /* UIActionSheet+PromiseKit.h */ = {isa = PBXFileReference; fileEncoding = 4; lastKnownFileType = sourcecode.c.h; path = "UIActionSheet+PromiseKit.h"; sourceTree = "<group>"; };
		339CA2641A880105009DF431 /* UIActionSheet+PromiseKit.m */ = {isa = PBXFileReference; fileEncoding = 4; lastKnownFileType = sourcecode.c.objc; path = "UIActionSheet+PromiseKit.m"; sourceTree = "<group>"; };
		339CA2651A880105009DF431 /* UIAlertView+PromiseKit.h */ = {isa = PBXFileReference; fileEncoding = 4; lastKnownFileType = sourcecode.c.h; path = "UIAlertView+PromiseKit.h"; sourceTree = "<group>"; };
		339CA2661A880105009DF431 /* UIAlertView+PromiseKit.m */ = {isa = PBXFileReference; fileEncoding = 4; lastKnownFileType = sourcecode.c.objc; path = "UIAlertView+PromiseKit.m"; sourceTree = "<group>"; };
		339CA2671A880105009DF431 /* UIView+PromiseKit.h */ = {isa = PBXFileReference; fileEncoding = 4; lastKnownFileType = sourcecode.c.h; path = "UIView+PromiseKit.h"; sourceTree = "<group>"; };
		339CA2681A880105009DF431 /* UIView+PromiseKit.m */ = {isa = PBXFileReference; fileEncoding = 4; lastKnownFileType = sourcecode.c.objc; path = "UIView+PromiseKit.m"; sourceTree = "<group>"; };
		339CA2691A880105009DF431 /* UIViewController+PromiseKit.h */ = {isa = PBXFileReference; fileEncoding = 4; lastKnownFileType = sourcecode.c.h; path = "UIViewController+PromiseKit.h"; sourceTree = "<group>"; };
		339CA26A1A880105009DF431 /* UIViewController+PromiseKit.m */ = {isa = PBXFileReference; fileEncoding = 4; lastKnownFileType = sourcecode.c.objc; path = "UIViewController+PromiseKit.m"; sourceTree = "<group>"; };
/* End PBXFileReference section */

/* Begin PBXFrameworksBuildPhase section */
		339CA1ED1A87FEBB009DF431 /* Frameworks */ = {
			isa = PBXFrameworksBuildPhase;
			buildActionMask = 2147483647;
			files = (
			);
			runOnlyForDeploymentPostprocessing = 0;
		};
		339CA2091A87FEBB009DF431 /* Frameworks */ = {
			isa = PBXFrameworksBuildPhase;
			buildActionMask = 2147483647;
			files = (
			);
			runOnlyForDeploymentPostprocessing = 0;
		};
/* End PBXFrameworksBuildPhase section */

/* Begin PBXGroup section */
		339CA1E71A87FEBB009DF431 = {
			isa = PBXGroup;
			children = (
				339CA1F21A87FEBB009DF431 /* MTURLImageCache */,
				339CA20F1A87FEBB009DF431 /* MTURLImageCacheTests */,
				339CA1F11A87FEBB009DF431 /* Products */,
			);
			sourceTree = "<group>";
		};
		339CA1F11A87FEBB009DF431 /* Products */ = {
			isa = PBXGroup;
			children = (
				339CA1F01A87FEBB009DF431 /* MTURLImageCache.app */,
				339CA20C1A87FEBB009DF431 /* MTURLImageCacheTests.xctest */,
			);
			name = Products;
			sourceTree = "<group>";
		};
		339CA1F21A87FEBB009DF431 /* MTURLImageCache */ = {
			isa = PBXGroup;
			children = (
				339CA2251A87FF31009DF431 /* Utilites */,
				339CA22C1A87FF31009DF431 /* VC */,
				339CA2201A87FF31009DF431 /* MTURLCache */,
				339CA2001A87FEBB009DF431 /* Main.storyboard */,
				339CA2051A87FEBB009DF431 /* LaunchScreen.xib */,
				339CA2031A87FEBB009DF431 /* Images.xcassets */,
				339CA21C1A87FF31009DF431 /* Main */,
				339CA1F31A87FEBB009DF431 /* Supporting Files */,
				339CA2231A87FF31009DF431 /* ThirdParty */,
			);
			path = MTURLImageCache;
			sourceTree = "<group>";
		};
		339CA1F31A87FEBB009DF431 /* Supporting Files */ = {
			isa = PBXGroup;
			children = (
				339CA1F41A87FEBB009DF431 /* Info.plist */,
			);
			name = "Supporting Files";
			sourceTree = "<group>";
		};
		339CA20F1A87FEBB009DF431 /* MTURLImageCacheTests */ = {
			isa = PBXGroup;
			children = (
				339CA2121A87FEBB009DF431 /* MTURLImageCacheTests.m */,
				339CA2101A87FEBB009DF431 /* Supporting Files */,
			);
			path = MTURLImageCacheTests;
			sourceTree = "<group>";
		};
		339CA2101A87FEBB009DF431 /* Supporting Files */ = {
			isa = PBXGroup;
			children = (
				339CA2111A87FEBB009DF431 /* Info.plist */,
			);
			name = "Supporting Files";
			sourceTree = "<group>";
		};
		339CA21C1A87FF31009DF431 /* Main */ = {
			isa = PBXGroup;
			children = (
				339CA21D1A87FF31009DF431 /* AppDelegate.h */,
				339CA21E1A87FF31009DF431 /* AppDelegate.m */,
				339CA21F1A87FF31009DF431 /* main.m */,
			);
			path = Main;
			sourceTree = "<group>";
		};
		339CA2201A87FF31009DF431 /* MTURLCache */ = {
			isa = PBXGroup;
			children = (
				339CA2211A87FF31009DF431 /* MTURLImageCache.h */,
				339CA2221A87FF31009DF431 /* MTURLImageCache.m */,
			);
			path = MTURLCache;
			sourceTree = "<group>";
		};
		339CA2231A87FF31009DF431 /* ThirdParty */ = {
			isa = PBXGroup;
			children = (
				339CA2391A880105009DF431 /* PromiseKit */,
			);
			path = ThirdParty;
			sourceTree = "<group>";
		};
		339CA2251A87FF31009DF431 /* Utilites */ = {
			isa = PBXGroup;
			children = (
				339CA2261A87FF31009DF431 /* AppDirectory.h */,
				339CA2271A87FF31009DF431 /* AppDirectory.m */,
				339CA2281A87FF31009DF431 /* Configuration.h */,
				339CA2291A87FF31009DF431 /* Configuration.m */,
				339CA22A1A87FF31009DF431 /* DeviceInfo.h */,
				339CA22B1A87FF31009DF431 /* DeviceInfo.m */,
			);
			path = Utilites;
			sourceTree = "<group>";
		};
		339CA22C1A87FF31009DF431 /* VC */ = {
			isa = PBXGroup;
			children = (
				339CA22D1A87FF31009DF431 /* FirstViewController.h */,
				339CA22E1A87FF31009DF431 /* FirstViewController.m */,
				339CA22F1A87FF31009DF431 /* SecondViewController.h */,
				339CA2301A87FF31009DF431 /* SecondViewController.m */,
			);
			path = VC;
			sourceTree = "<group>";
		};
		339CA2391A880105009DF431 /* PromiseKit */ = {
			isa = PBXGroup;
			children = (
				339CA23A1A880105009DF431 /* ACAccountStore+PromiseKit.h */,
				339CA23B1A880105009DF431 /* ACAccountStore+PromiseKit.m */,
				339CA23C1A880105009DF431 /* AVAudioSession+PromiseKit.h */,
				339CA23D1A880105009DF431 /* AVAudioSession+PromiseKit.m */,
				339CA23E1A880105009DF431 /* CALayer+PromiseKit.h */,
				339CA23F1A880105009DF431 /* CALayer+PromiseKit.m */,
				339CA2401A880105009DF431 /* CKContainer+PromiseKit.h */,
				339CA2411A880105009DF431 /* CKContainer+PromiseKit.m */,
				339CA2421A880105009DF431 /* CKDatabase+PromiseKit.h */,
				339CA2431A880105009DF431 /* CKDatabase+PromiseKit.m */,
				339CA2441A880105009DF431 /* CLGeocoder+PromiseKit.h */,
				339CA2451A880105009DF431 /* CLGeocoder+PromiseKit.m */,
				339CA2461A880105009DF431 /* CLLocationManager+PromiseKit.h */,
				339CA2471A880105009DF431 /* CLLocationManager+PromiseKit.m */,
				339CA2481A880105009DF431 /* MKDirections+PromiseKit.h */,
				339CA2491A880105009DF431 /* MKDirections+PromiseKit.m */,
				339CA24A1A880105009DF431 /* MKMapSnapshotter+PromiseKit.h */,
				339CA24B1A880105009DF431 /* MKMapSnapshotter+PromiseKit.m */,
				339CA24C1A880105009DF431 /* NSFileManager+PromiseKit.h */,
				339CA24D1A880105009DF431 /* NSFileManager+PromiseKit.m */,
				339CA24E1A880105009DF431 /* NSNotificationCenter+PromiseKit.h */,
				339CA24F1A880105009DF431 /* NSNotificationCenter+PromiseKit.m */,
				339CA2541A880105009DF431 /* PMKPromise+Pause.m */,
				339CA2551A880105009DF431 /* PMKPromise+Until.m */,
				339CA2561A880105009DF431 /* PMKPromise+When.m */,
				339CA2571A880105009DF431 /* PMKPromise.m */,
				339CA2581A880105009DF431 /* PromiseKit */,
				339CA25E1A880105009DF431 /* PromiseKit.h */,
				339CA25F1A880105009DF431 /* SKRequest+PromiseKit.h */,
				339CA2601A880105009DF431 /* SKRequest+PromiseKit.m */,
				339CA2611A880105009DF431 /* SLRequest+PromiseKit.h */,
				339CA2621A880105009DF431 /* SLRequest+PromiseKit.m */,
				339CA2631A880105009DF431 /* UIActionSheet+PromiseKit.h */,
				339CA2641A880105009DF431 /* UIActionSheet+PromiseKit.m */,
				339CA2651A880105009DF431 /* UIAlertView+PromiseKit.h */,
				339CA2661A880105009DF431 /* UIAlertView+PromiseKit.m */,
				339CA2671A880105009DF431 /* UIView+PromiseKit.h */,
				339CA2681A880105009DF431 /* UIView+PromiseKit.m */,
				339CA2691A880105009DF431 /* UIViewController+PromiseKit.h */,
				339CA26A1A880105009DF431 /* UIViewController+PromiseKit.m */,
			);
			path = PromiseKit;
			sourceTree = "<group>";
		};
		339CA2581A880105009DF431 /* PromiseKit */ = {
			isa = PBXGroup;
			children = (
				339CA2591A880105009DF431 /* fwd.h */,
				339CA25A1A880105009DF431 /* Promise+Pause.h */,
				339CA25B1A880105009DF431 /* Promise+Until.h */,
				339CA25C1A880105009DF431 /* Promise+When.h */,
				339CA25D1A880105009DF431 /* Promise.h */,
			);
			path = PromiseKit;
			sourceTree = "<group>";
		};
/* End PBXGroup section */

/* Begin PBXNativeTarget section */
		339CA1EF1A87FEBB009DF431 /* MTURLImageCache */ = {
			isa = PBXNativeTarget;
			buildConfigurationList = 339CA2161A87FEBB009DF431 /* Build configuration list for PBXNativeTarget "MTURLImageCache" */;
			buildPhases = (
				339CA1EC1A87FEBB009DF431 /* Sources */,
				339CA1ED1A87FEBB009DF431 /* Frameworks */,
				339CA1EE1A87FEBB009DF431 /* Resources */,
			);
			buildRules = (
			);
			dependencies = (
			);
			name = MTURLImageCache;
			productName = MTURLImageCache;
			productReference = 339CA1F01A87FEBB009DF431 /* MTURLImageCache.app */;
			productType = "com.apple.product-type.application";
		};
		339CA20B1A87FEBB009DF431 /* MTURLImageCacheTests */ = {
			isa = PBXNativeTarget;
			buildConfigurationList = 339CA2191A87FEBB009DF431 /* Build configuration list for PBXNativeTarget "MTURLImageCacheTests" */;
			buildPhases = (
				339CA2081A87FEBB009DF431 /* Sources */,
				339CA2091A87FEBB009DF431 /* Frameworks */,
				339CA20A1A87FEBB009DF431 /* Resources */,
			);
			buildRules = (
			);
			dependencies = (
				339CA20E1A87FEBB009DF431 /* PBXTargetDependency */,
			);
			name = MTURLImageCacheTests;
			productName = MTURLImageCacheTests;
			productReference = 339CA20C1A87FEBB009DF431 /* MTURLImageCacheTests.xctest */;
			productType = "com.apple.product-type.bundle.unit-test";
		};
/* End PBXNativeTarget section */

/* Begin PBXProject section */
		339CA1E81A87FEBB009DF431 /* Project object */ = {
			isa = PBXProject;
			attributes = {
				LastUpgradeCheck = 0610;
				ORGANIZATIONNAME = MineTilbud;
				TargetAttributes = {
					339CA1EF1A87FEBB009DF431 = {
						CreatedOnToolsVersion = 6.1.1;
					};
					339CA20B1A87FEBB009DF431 = {
						CreatedOnToolsVersion = 6.1.1;
						TestTargetID = 339CA1EF1A87FEBB009DF431;
					};
				};
			};
			buildConfigurationList = 339CA1EB1A87FEBB009DF431 /* Build configuration list for PBXProject "MTURLImageCache" */;
			compatibilityVersion = "Xcode 3.2";
			developmentRegion = English;
			hasScannedForEncodings = 0;
			knownRegions = (
				en,
				Base,
			);
			mainGroup = 339CA1E71A87FEBB009DF431;
			productRefGroup = 339CA1F11A87FEBB009DF431 /* Products */;
			projectDirPath = "";
			projectRoot = "";
			targets = (
				339CA1EF1A87FEBB009DF431 /* MTURLImageCache */,
				339CA20B1A87FEBB009DF431 /* MTURLImageCacheTests */,
			);
		};
/* End PBXProject section */

/* Begin PBXResourcesBuildPhase section */
		339CA1EE1A87FEBB009DF431 /* Resources */ = {
			isa = PBXResourcesBuildPhase;
			buildActionMask = 2147483647;
			files = (
				339CA2021A87FEBB009DF431 /* Main.storyboard in Resources */,
				339CA2071A87FEBB009DF431 /* LaunchScreen.xib in Resources */,
				339CA2041A87FEBB009DF431 /* Images.xcassets in Resources */,
			);
			runOnlyForDeploymentPostprocessing = 0;
		};
		339CA20A1A87FEBB009DF431 /* Resources */ = {
			isa = PBXResourcesBuildPhase;
			buildActionMask = 2147483647;
			files = (
			);
			runOnlyForDeploymentPostprocessing = 0;
		};
/* End PBXResourcesBuildPhase section */

/* Begin PBXSourcesBuildPhase section */
		339CA1EC1A87FEBB009DF431 /* Sources */ = {
			isa = PBXSourcesBuildPhase;
			buildActionMask = 2147483647;
			files = (
				339CA27E1A880105009DF431 /* UIActionSheet+PromiseKit.m in Sources */,
				339CA2351A87FF31009DF431 /* Configuration.m in Sources */,
				339CA26F1A880105009DF431 /* CKDatabase+PromiseKit.m in Sources */,
				339CA2721A880105009DF431 /* MKDirections+PromiseKit.m in Sources */,
				339CA2331A87FF31009DF431 /* MTURLImageCache.m in Sources */,
				339CA2371A87FF31009DF431 /* FirstViewController.m in Sources */,
				339CA26C1A880105009DF431 /* AVAudioSession+PromiseKit.m in Sources */,
				339CA27D1A880105009DF431 /* SLRequest+PromiseKit.m in Sources */,
				339CA2321A87FF31009DF431 /* main.m in Sources */,
				339CA26B1A880105009DF431 /* ACAccountStore+PromiseKit.m in Sources */,
				339CA2751A880105009DF431 /* NSNotificationCenter+PromiseKit.m in Sources */,
				339CA26D1A880105009DF431 /* CALayer+PromiseKit.m in Sources */,
				339CA2811A880105009DF431 /* UIViewController+PromiseKit.m in Sources */,
				339CA2381A87FF31009DF431 /* SecondViewController.m in Sources */,
				339CA2711A880105009DF431 /* CLLocationManager+PromiseKit.m in Sources */,
				339CA2701A880105009DF431 /* CLGeocoder+PromiseKit.m in Sources */,
				339CA2361A87FF31009DF431 /* DeviceInfo.m in Sources */,
				339CA2791A880105009DF431 /* PMKPromise+Until.m in Sources */,
				339CA27B1A880105009DF431 /* PMKPromise.m in Sources */,
				339CA27A1A880105009DF431 /* PMKPromise+When.m in Sources */,
				339CA2311A87FF31009DF431 /* AppDelegate.m in Sources */,
				339CA26E1A880105009DF431 /* CKContainer+PromiseKit.m in Sources */,
				339CA2801A880105009DF431 /* UIView+PromiseKit.m in Sources */,
				339CA2741A880105009DF431 /* NSFileManager+PromiseKit.m in Sources */,
				339CA27C1A880105009DF431 /* SKRequest+PromiseKit.m in Sources */,
				339CA2781A880105009DF431 /* PMKPromise+Pause.m in Sources */,
				339CA27F1A880105009DF431 /* UIAlertView+PromiseKit.m in Sources */,
				339CA2341A87FF31009DF431 /* AppDirectory.m in Sources */,
				339CA2731A880105009DF431 /* MKMapSnapshotter+PromiseKit.m in Sources */,
			);
			runOnlyForDeploymentPostprocessing = 0;
		};
		339CA2081A87FEBB009DF431 /* Sources */ = {
			isa = PBXSourcesBuildPhase;
			buildActionMask = 2147483647;
			files = (
				339CA2131A87FEBB009DF431 /* MTURLImageCacheTests.m in Sources */,
			);
			runOnlyForDeploymentPostprocessing = 0;
		};
/* End PBXSourcesBuildPhase section */

/* Begin PBXTargetDependency section */
		339CA20E1A87FEBB009DF431 /* PBXTargetDependency */ = {
			isa = PBXTargetDependency;
			target = 339CA1EF1A87FEBB009DF431 /* MTURLImageCache */;
			targetProxy = 339CA20D1A87FEBB009DF431 /* PBXContainerItemProxy */;
		};
/* End PBXTargetDependency section */

/* Begin PBXVariantGroup section */
		339CA2001A87FEBB009DF431 /* Main.storyboard */ = {
			isa = PBXVariantGroup;
			children = (
				339CA2011A87FEBB009DF431 /* Base */,
			);
			name = Main.storyboard;
			sourceTree = "<group>";
		};
		339CA2051A87FEBB009DF431 /* LaunchScreen.xib */ = {
			isa = PBXVariantGroup;
			children = (
				339CA2061A87FEBB009DF431 /* Base */,
			);
			name = LaunchScreen.xib;
			sourceTree = "<group>";
		};
/* End PBXVariantGroup section */

/* Begin XCBuildConfiguration section */
		339CA2141A87FEBB009DF431 /* Debug */ = {
			isa = XCBuildConfiguration;
			buildSettings = {
				ALWAYS_SEARCH_USER_PATHS = NO;
				CLANG_CXX_LANGUAGE_STANDARD = "gnu++0x";
				CLANG_CXX_LIBRARY = "libc++";
				CLANG_ENABLE_MODULES = YES;
				CLANG_ENABLE_OBJC_ARC = YES;
				CLANG_STATIC_ANALYZER_MODE = deep;
				CLANG_WARN_BOOL_CONVERSION = YES;
				CLANG_WARN_CONSTANT_CONVERSION = YES;
				CLANG_WARN_DIRECT_OBJC_ISA_USAGE = YES_ERROR;
				CLANG_WARN_EMPTY_BODY = YES;
				CLANG_WARN_ENUM_CONVERSION = YES;
				CLANG_WARN_INT_CONVERSION = YES;
				CLANG_WARN_OBJC_ROOT_CLASS = YES_ERROR;
				CLANG_WARN_UNREACHABLE_CODE = YES;
				CLANG_WARN__DUPLICATE_METHOD_MATCH = YES;
				"CODE_SIGN_IDENTITY[sdk=iphoneos*]" = "iPhone Developer";
				COPY_PHASE_STRIP = NO;
				ENABLE_STRICT_OBJC_MSGSEND = YES;
				GCC_C_LANGUAGE_STANDARD = gnu99;
				GCC_DYNAMIC_NO_PIC = NO;
				GCC_OPTIMIZATION_LEVEL = 0;
				GCC_PREPROCESSOR_DEFINITIONS = (
					"DEBUG=1",
					"$(inherited)",
				);
				GCC_SYMBOLS_PRIVATE_EXTERN = NO;
				GCC_WARN_64_TO_32_BIT_CONVERSION = YES;
				GCC_WARN_ABOUT_RETURN_TYPE = YES_ERROR;
				GCC_WARN_UNDECLARED_SELECTOR = YES;
				GCC_WARN_UNINITIALIZED_AUTOS = YES_AGGRESSIVE;
				GCC_WARN_UNUSED_FUNCTION = YES;
				GCC_WARN_UNUSED_VARIABLE = YES;
				IPHONEOS_DEPLOYMENT_TARGET = 7.0;
				LLVM_LTO = YES;
				MTL_ENABLE_DEBUG_INFO = YES;
				ONLY_ACTIVE_ARCH = YES;
				RUN_CLANG_STATIC_ANALYZER = YES;
				SDKROOT = iphoneos;
			};
			name = Debug;
		};
		339CA2151A87FEBB009DF431 /* Release */ = {
			isa = XCBuildConfiguration;
			buildSettings = {
				ALWAYS_SEARCH_USER_PATHS = NO;
				CLANG_CXX_LANGUAGE_STANDARD = "gnu++0x";
				CLANG_CXX_LIBRARY = "libc++";
				CLANG_ENABLE_MODULES = YES;
				CLANG_ENABLE_OBJC_ARC = YES;
				CLANG_STATIC_ANALYZER_MODE = deep;
				CLANG_WARN_BOOL_CONVERSION = YES;
				CLANG_WARN_CONSTANT_CONVERSION = YES;
				CLANG_WARN_DIRECT_OBJC_ISA_USAGE = YES_ERROR;
				CLANG_WARN_EMPTY_BODY = YES;
				CLANG_WARN_ENUM_CONVERSION = YES;
				CLANG_WARN_INT_CONVERSION = YES;
				CLANG_WARN_OBJC_ROOT_CLASS = YES_ERROR;
				CLANG_WARN_UNREACHABLE_CODE = YES;
				CLANG_WARN__DUPLICATE_METHOD_MATCH = YES;
				"CODE_SIGN_IDENTITY[sdk=iphoneos*]" = "iPhone Developer";
				COPY_PHASE_STRIP = YES;
				ENABLE_NS_ASSERTIONS = NO;
				ENABLE_STRICT_OBJC_MSGSEND = YES;
				GCC_C_LANGUAGE_STANDARD = gnu99;
				GCC_OPTIMIZATION_LEVEL = fast;
				GCC_WARN_64_TO_32_BIT_CONVERSION = YES;
				GCC_WARN_ABOUT_RETURN_TYPE = YES_ERROR;
				GCC_WARN_UNDECLARED_SELECTOR = YES;
				GCC_WARN_UNINITIALIZED_AUTOS = YES_AGGRESSIVE;
				GCC_WARN_UNUSED_FUNCTION = YES;
				GCC_WARN_UNUSED_VARIABLE = YES;
				IPHONEOS_DEPLOYMENT_TARGET = 7.0;
				LLVM_LTO = YES;
				MTL_ENABLE_DEBUG_INFO = NO;
				RUN_CLANG_STATIC_ANALYZER = YES;
				SDKROOT = iphoneos;
				VALIDATE_PRODUCT = YES;
			};
			name = Release;
		};
		339CA2171A87FEBB009DF431 /* Debug */ = {
			isa = XCBuildConfiguration;
			buildSettings = {
				ASSETCATALOG_COMPILER_APPICON_NAME = AppIcon;
				INFOPLIST_FILE = MTURLImageCache/Info.plist;
				LD_RUNPATH_SEARCH_PATHS = "$(inherited) @executable_path/Frameworks";
				PRODUCT_NAME = "$(TARGET_NAME)";
			};
			name = Debug;
		};
		339CA2181A87FEBB009DF431 /* Release */ = {
			isa = XCBuildConfiguration;
			buildSettings = {
				ASSETCATALOG_COMPILER_APPICON_NAME = AppIcon;
				INFOPLIST_FILE = MTURLImageCache/Info.plist;
				LD_RUNPATH_SEARCH_PATHS = "$(inherited) @executable_path/Frameworks";
				PRODUCT_NAME = "$(TARGET_NAME)";
			};
			name = Release;
		};
		339CA21A1A87FEBB009DF431 /* Debug */ = {
			isa = XCBuildConfiguration;
			buildSettings = {
				BUNDLE_LOADER = "$(TEST_HOST)";
				FRAMEWORK_SEARCH_PATHS = (
					"$(SDKROOT)/Developer/Library/Frameworks",
					"$(inherited)",
				);
				GCC_PREPROCESSOR_DEFINITIONS = (
					"DEBUG=1",
					"$(inherited)",
				);
				INFOPLIST_FILE = MTURLImageCacheTests/Info.plist;
				LD_RUNPATH_SEARCH_PATHS = "$(inherited) @executable_path/Frameworks @loader_path/Frameworks";
				PRODUCT_NAME = "$(TARGET_NAME)";
				TEST_HOST = "$(BUILT_PRODUCTS_DIR)/MTURLImageCache.app/MTURLImageCache";
			};
			name = Debug;
		};
		339CA21B1A87FEBB009DF431 /* Release */ = {
			isa = XCBuildConfiguration;
			buildSettings = {
				BUNDLE_LOADER = "$(TEST_HOST)";
				FRAMEWORK_SEARCH_PATHS = (
					"$(SDKROOT)/Developer/Library/Frameworks",
					"$(inherited)",
				);
				INFOPLIST_FILE = MTURLImageCacheTests/Info.plist;
				LD_RUNPATH_SEARCH_PATHS = "$(inherited) @executable_path/Frameworks @loader_path/Frameworks";
				PRODUCT_NAME = "$(TARGET_NAME)";
				TEST_HOST = "$(BUILT_PRODUCTS_DIR)/MTURLImageCache.app/MTURLImageCache";
			};
			name = Release;
		};
/* End XCBuildConfiguration section */

/* Begin XCConfigurationList section */
		339CA1EB1A87FEBB009DF431 /* Build configuration list for PBXProject "MTURLImageCache" */ = {
			isa = XCConfigurationList;
			buildConfigurations = (
				339CA2141A87FEBB009DF431 /* Debug */,
				339CA2151A87FEBB009DF431 /* Release */,
			);
			defaultConfigurationIsVisible = 0;
			defaultConfigurationName = Release;
		};
		339CA2161A87FEBB009DF431 /* Build configuration list for PBXNativeTarget "MTURLImageCache" */ = {
			isa = XCConfigurationList;
			buildConfigurations = (
				339CA2171A87FEBB009DF431 /* Debug */,
				339CA2181A87FEBB009DF431 /* Release */,
			);
			defaultConfigurationIsVisible = 0;
			defaultConfigurationName = Release;
		};
		339CA2191A87FEBB009DF431 /* Build configuration list for PBXNativeTarget "MTURLImageCacheTests" */ = {
			isa = XCConfigurationList;
			buildConfigurations = (
				339CA21A1A87FEBB009DF431 /* Debug */,
				339CA21B1A87FEBB009DF431 /* Release */,
			);
			defaultConfigurationIsVisible = 0;
			defaultConfigurationName = Release;
		};
/* End XCConfigurationList section */
	};
	rootObject = 339CA1E81A87FEBB009DF431 /* Project object */;
}
