// !$*UTF8*$!
{
	archiveVersion = 1;
	classes = {
	};
	objectVersion = 46;
	objects = {

/* Begin PBXBuildFile section */
		3353B67C1A8E1D23008F03F3 /* HeaderTableViewController.m in Sources */ = {isa = PBXBuildFile; fileRef = 3353B67B1A8E1D23008F03F3 /* HeaderTableViewController.m */; };
		3353B67F1A8E24FE008F03F3 /* HeaderTableViewCell.m in Sources */ = {isa = PBXBuildFile; fileRef = 3353B67E1A8E24FE008F03F3 /* HeaderTableViewCell.m */; };
		338F6AE81A8A910C00B4C18C /* CSURITemplate.m in Sources */ = {isa = PBXBuildFile; fileRef = 338F6AE71A8A910C00B4C18C /* CSURITemplate.m */; };
		339CA2021A87FEBB009DF431 /* Main.storyboard in Resources */ = {isa = PBXBuildFile; fileRef = 339CA2001A87FEBB009DF431 /* Main.storyboard */; };
		339CA2041A87FEBB009DF431 /* Images.xcassets in Resources */ = {isa = PBXBuildFile; fileRef = 339CA2031A87FEBB009DF431 /* Images.xcassets */; };
		339CA2071A87FEBB009DF431 /* LaunchScreen.xib in Resources */ = {isa = PBXBuildFile; fileRef = 339CA2051A87FEBB009DF431 /* LaunchScreen.xib */; };
		339CA2131A87FEBB009DF431 /* MTURLImageCacheTests.m in Sources */ = {isa = PBXBuildFile; fileRef = 339CA2121A87FEBB009DF431 /* MTURLImageCacheTests.m */; };
		339CA2311A87FF31009DF431 /* AppDelegate.m in Sources */ = {isa = PBXBuildFile; fileRef = 339CA21E1A87FF31009DF431 /* AppDelegate.m */; };
		339CA2321A87FF31009DF431 /* main.m in Sources */ = {isa = PBXBuildFile; fileRef = 339CA21F1A87FF31009DF431 /* main.m */; };
		339CA2331A87FF31009DF431 /* MTURLImageCache.m in Sources */ = {isa = PBXBuildFile; fileRef = 339CA2221A87FF31009DF431 /* MTURLImageCache.m */; };
		339CA2341A87FF31009DF431 /* AppDirectory.m in Sources */ = {isa = PBXBuildFile; fileRef = 339CA2271A87FF31009DF431 /* AppDirectory.m */; };
		339CA2361A87FF31009DF431 /* DeviceInfo.m in Sources */ = {isa = PBXBuildFile; fileRef = 339CA22B1A87FF31009DF431 /* DeviceInfo.m */; };
		339CA2FD1A88182C009DF431 /* BFAppLink.m in Sources */ = {isa = PBXBuildFile; fileRef = 339CA2E01A88182C009DF431 /* BFAppLink.m */; };
		339CA2FE1A88182C009DF431 /* BFAppLinkNavigation.m in Sources */ = {isa = PBXBuildFile; fileRef = 339CA2E31A88182C009DF431 /* BFAppLinkNavigation.m */; };
		339CA2FF1A88182C009DF431 /* BFAppLinkReturnToRefererController.m in Sources */ = {isa = PBXBuildFile; fileRef = 339CA2E61A88182C009DF431 /* BFAppLinkReturnToRefererController.m */; };
		339CA3001A88182C009DF431 /* BFAppLinkReturnToRefererView.m in Sources */ = {isa = PBXBuildFile; fileRef = 339CA2E81A88182C009DF431 /* BFAppLinkReturnToRefererView.m */; };
		339CA3011A88182C009DF431 /* BFAppLinkTarget.m in Sources */ = {isa = PBXBuildFile; fileRef = 339CA2EB1A88182C009DF431 /* BFAppLinkTarget.m */; };
		339CA3021A88182C009DF431 /* BFExecutor.m in Sources */ = {isa = PBXBuildFile; fileRef = 339CA2ED1A88182C009DF431 /* BFExecutor.m */; };
		339CA3031A88182C009DF431 /* BFMeasurementEvent.m in Sources */ = {isa = PBXBuildFile; fileRef = 339CA2EF1A88182C009DF431 /* BFMeasurementEvent.m */; };
		339CA3041A88182C009DF431 /* BFTask.m in Sources */ = {isa = PBXBuildFile; fileRef = 339CA2F21A88182C009DF431 /* BFTask.m */; };
		339CA3051A88182C009DF431 /* BFTaskCompletionSource.m in Sources */ = {isa = PBXBuildFile; fileRef = 339CA2F41A88182C009DF431 /* BFTaskCompletionSource.m */; };
		339CA3061A88182C009DF431 /* BFURL.m in Sources */ = {isa = PBXBuildFile; fileRef = 339CA2F61A88182C009DF431 /* BFURL.m */; };
		339CA3071A88182C009DF431 /* BFWebViewAppLinkResolver.m in Sources */ = {isa = PBXBuildFile; fileRef = 339CA2F91A88182C009DF431 /* BFWebViewAppLinkResolver.m */; };
		339CA3081A88182C009DF431 /* Bolts.m in Sources */ = {isa = PBXBuildFile; fileRef = 339CA2FB1A88182C009DF431 /* Bolts.m */; };
		339CA30B1A882B95009DF431 /* ImageDecoder.m in Sources */ = {isa = PBXBuildFile; fileRef = 339CA30A1A882B95009DF431 /* ImageDecoder.m */; };
		339CA30E1A882BFF009DF431 /* CryptoHash.m in Sources */ = {isa = PBXBuildFile; fileRef = 339CA30D1A882BFF009DF431 /* CryptoHash.m */; };
		33ACE3A21A8A4640003AE463 /* LogoCollectionViewController.m in Sources */ = {isa = PBXBuildFile; fileRef = 33ACE3A11A8A4640003AE463 /* LogoCollectionViewController.m */; };
		33ACE3A51A8A48B1003AE463 /* JSONHalFormatter.m in Sources */ = {isa = PBXBuildFile; fileRef = 33ACE3A41A8A48B1003AE463 /* JSONHalFormatter.m */; };
		33ACE3B41A8A4C97003AE463 /* ConnectionDetection.m in Sources */ = {isa = PBXBuildFile; fileRef = 33ACE3AB1A8A4C97003AE463 /* ConnectionDetection.m */; };
		33ACE3B51A8A4C97003AE463 /* Network.m in Sources */ = {isa = PBXBuildFile; fileRef = 33ACE3AD1A8A4C97003AE463 /* Network.m */; };
		33ACE3B71A8A4C97003AE463 /* Reachability.m in Sources */ = {isa = PBXBuildFile; fileRef = 33ACE3B31A8A4C97003AE463 /* Reachability.m */; };
		33ACE3BB1A8A4F62003AE463 /* NetworkTask.m in Sources */ = {isa = PBXBuildFile; fileRef = 33ACE3BA1A8A4F62003AE463 /* NetworkTask.m */; };
		33ACE3C11A8A5D17003AE463 /* ImageCollectionViewCell.m in Sources */ = {isa = PBXBuildFile; fileRef = 33ACE3C01A8A5D17003AE463 /* ImageCollectionViewCell.m */; };
/* End PBXBuildFile section */

/* Begin PBXContainerItemProxy section */
		339CA20D1A87FEBB009DF431 /* PBXContainerItemProxy */ = {
			isa = PBXContainerItemProxy;
			containerPortal = 339CA1E81A87FEBB009DF431 /* Project object */;
			proxyType = 1;
			remoteGlobalIDString = 339CA1EF1A87FEBB009DF431;
			remoteInfo = MTURLImageCache;
		};
/* End PBXContainerItemProxy section */

/* Begin PBXFileReference section */
		3353B67A1A8E1D23008F03F3 /* HeaderTableViewController.h */ = {isa = PBXFileReference; fileEncoding = 4; lastKnownFileType = sourcecode.c.h; path = HeaderTableViewController.h; sourceTree = "<group>"; };
		3353B67B1A8E1D23008F03F3 /* HeaderTableViewController.m */ = {isa = PBXFileReference; fileEncoding = 4; lastKnownFileType = sourcecode.c.objc; path = HeaderTableViewController.m; sourceTree = "<group>"; };
		3353B67D1A8E24FE008F03F3 /* HeaderTableViewCell.h */ = {isa = PBXFileReference; fileEncoding = 4; lastKnownFileType = sourcecode.c.h; path = HeaderTableViewCell.h; sourceTree = "<group>"; };
		3353B67E1A8E24FE008F03F3 /* HeaderTableViewCell.m */ = {isa = PBXFileReference; fileEncoding = 4; lastKnownFileType = sourcecode.c.objc; path = HeaderTableViewCell.m; sourceTree = "<group>"; };
		338F6AE61A8A910C00B4C18C /* CSURITemplate.h */ = {isa = PBXFileReference; fileEncoding = 4; lastKnownFileType = sourcecode.c.h; path = CSURITemplate.h; sourceTree = "<group>"; };
		338F6AE71A8A910C00B4C18C /* CSURITemplate.m */ = {isa = PBXFileReference; fileEncoding = 4; lastKnownFileType = sourcecode.c.objc; path = CSURITemplate.m; sourceTree = "<group>"; };
		339CA1F01A87FEBB009DF431 /* MTURLImageCache.app */ = {isa = PBXFileReference; explicitFileType = wrapper.application; includeInIndex = 0; path = MTURLImageCache.app; sourceTree = BUILT_PRODUCTS_DIR; };
		339CA1F41A87FEBB009DF431 /* Info.plist */ = {isa = PBXFileReference; lastKnownFileType = text.plist.xml; path = Info.plist; sourceTree = "<group>"; };
		339CA2011A87FEBB009DF431 /* Base */ = {isa = PBXFileReference; lastKnownFileType = file.storyboard; name = Base; path = Base.lproj/Main.storyboard; sourceTree = "<group>"; };
		339CA2031A87FEBB009DF431 /* Images.xcassets */ = {isa = PBXFileReference; lastKnownFileType = folder.assetcatalog; path = Images.xcassets; sourceTree = "<group>"; };
		339CA2061A87FEBB009DF431 /* Base */ = {isa = PBXFileReference; lastKnownFileType = file.xib; name = Base; path = Base.lproj/LaunchScreen.xib; sourceTree = "<group>"; };
		339CA20C1A87FEBB009DF431 /* MTURLImageCacheTests.xctest */ = {isa = PBXFileReference; explicitFileType = wrapper.cfbundle; includeInIndex = 0; path = MTURLImageCacheTests.xctest; sourceTree = BUILT_PRODUCTS_DIR; };
		339CA2111A87FEBB009DF431 /* Info.plist */ = {isa = PBXFileReference; lastKnownFileType = text.plist.xml; path = Info.plist; sourceTree = "<group>"; };
		339CA2121A87FEBB009DF431 /* MTURLImageCacheTests.m */ = {isa = PBXFileReference; lastKnownFileType = sourcecode.c.objc; lineEnding = 0; path = MTURLImageCacheTests.m; sourceTree = "<group>"; xcLanguageSpecificationIdentifier = xcode.lang.objc; };
		339CA21D1A87FF31009DF431 /* AppDelegate.h */ = {isa = PBXFileReference; fileEncoding = 4; lastKnownFileType = sourcecode.c.h; lineEnding = 0; path = AppDelegate.h; sourceTree = "<group>"; xcLanguageSpecificationIdentifier = xcode.lang.objcpp; };
		339CA21E1A87FF31009DF431 /* AppDelegate.m */ = {isa = PBXFileReference; fileEncoding = 4; lastKnownFileType = sourcecode.c.objc; path = AppDelegate.m; sourceTree = "<group>"; };
		339CA21F1A87FF31009DF431 /* main.m */ = {isa = PBXFileReference; fileEncoding = 4; lastKnownFileType = sourcecode.c.objc; lineEnding = 0; path = main.m; sourceTree = "<group>"; xcLanguageSpecificationIdentifier = xcode.lang.objc; };
		339CA2211A87FF31009DF431 /* MTURLImageCache.h */ = {isa = PBXFileReference; fileEncoding = 4; lastKnownFileType = sourcecode.c.h; path = MTURLImageCache.h; sourceTree = "<group>"; };
		339CA2221A87FF31009DF431 /* MTURLImageCache.m */ = {isa = PBXFileReference; fileEncoding = 4; lastKnownFileType = sourcecode.c.objc; path = MTURLImageCache.m; sourceTree = "<group>"; };
		339CA2261A87FF31009DF431 /* AppDirectory.h */ = {isa = PBXFileReference; fileEncoding = 4; lastKnownFileType = sourcecode.c.h; lineEnding = 0; path = AppDirectory.h; sourceTree = "<group>"; xcLanguageSpecificationIdentifier = xcode.lang.objcpp; };
		339CA2271A87FF31009DF431 /* AppDirectory.m */ = {isa = PBXFileReference; fileEncoding = 4; lastKnownFileType = sourcecode.c.objc; path = AppDirectory.m; sourceTree = "<group>"; };
		339CA22A1A87FF31009DF431 /* DeviceInfo.h */ = {isa = PBXFileReference; fileEncoding = 4; lastKnownFileType = sourcecode.c.h; path = DeviceInfo.h; sourceTree = "<group>"; };
		339CA22B1A87FF31009DF431 /* DeviceInfo.m */ = {isa = PBXFileReference; fileEncoding = 4; lastKnownFileType = sourcecode.c.objc; path = DeviceInfo.m; sourceTree = "<group>"; };
		339CA2DF1A88182C009DF431 /* BFAppLink.h */ = {isa = PBXFileReference; fileEncoding = 4; lastKnownFileType = sourcecode.c.h; lineEnding = 0; path = BFAppLink.h; sourceTree = "<group>"; xcLanguageSpecificationIdentifier = xcode.lang.objcpp; };
		339CA2E01A88182C009DF431 /* BFAppLink.m */ = {isa = PBXFileReference; fileEncoding = 4; lastKnownFileType = sourcecode.c.objc; path = BFAppLink.m; sourceTree = "<group>"; };
		339CA2E11A88182C009DF431 /* BFAppLink_Internal.h */ = {isa = PBXFileReference; fileEncoding = 4; lastKnownFileType = sourcecode.c.h; path = BFAppLink_Internal.h; sourceTree = "<group>"; };
		339CA2E21A88182C009DF431 /* BFAppLinkNavigation.h */ = {isa = PBXFileReference; fileEncoding = 4; lastKnownFileType = sourcecode.c.h; path = BFAppLinkNavigation.h; sourceTree = "<group>"; };
		339CA2E31A88182C009DF431 /* BFAppLinkNavigation.m */ = {isa = PBXFileReference; fileEncoding = 4; lastKnownFileType = sourcecode.c.objc; lineEnding = 0; path = BFAppLinkNavigation.m; sourceTree = "<group>"; xcLanguageSpecificationIdentifier = xcode.lang.objc; };
		339CA2E41A88182C009DF431 /* BFAppLinkResolving.h */ = {isa = PBXFileReference; fileEncoding = 4; lastKnownFileType = sourcecode.c.h; lineEnding = 0; path = BFAppLinkResolving.h; sourceTree = "<group>"; xcLanguageSpecificationIdentifier = xcode.lang.objcpp; };
		339CA2E51A88182C009DF431 /* BFAppLinkReturnToRefererController.h */ = {isa = PBXFileReference; fileEncoding = 4; lastKnownFileType = sourcecode.c.h; lineEnding = 0; path = BFAppLinkReturnToRefererController.h; sourceTree = "<group>"; xcLanguageSpecificationIdentifier = xcode.lang.objcpp; };
		339CA2E61A88182C009DF431 /* BFAppLinkReturnToRefererController.m */ = {isa = PBXFileReference; fileEncoding = 4; lastKnownFileType = sourcecode.c.objc; path = BFAppLinkReturnToRefererController.m; sourceTree = "<group>"; };
		339CA2E71A88182C009DF431 /* BFAppLinkReturnToRefererView.h */ = {isa = PBXFileReference; fileEncoding = 4; lastKnownFileType = sourcecode.c.h; path = BFAppLinkReturnToRefererView.h; sourceTree = "<group>"; };
		339CA2E81A88182C009DF431 /* BFAppLinkReturnToRefererView.m */ = {isa = PBXFileReference; fileEncoding = 4; lastKnownFileType = sourcecode.c.objc; path = BFAppLinkReturnToRefererView.m; sourceTree = "<group>"; };
		339CA2E91A88182C009DF431 /* BFAppLinkReturnToRefererView_Internal.h */ = {isa = PBXFileReference; fileEncoding = 4; lastKnownFileType = sourcecode.c.h; path = BFAppLinkReturnToRefererView_Internal.h; sourceTree = "<group>"; };
		339CA2EA1A88182C009DF431 /* BFAppLinkTarget.h */ = {isa = PBXFileReference; fileEncoding = 4; lastKnownFileType = sourcecode.c.h; lineEnding = 0; path = BFAppLinkTarget.h; sourceTree = "<group>"; xcLanguageSpecificationIdentifier = xcode.lang.objcpp; };
		339CA2EB1A88182C009DF431 /* BFAppLinkTarget.m */ = {isa = PBXFileReference; fileEncoding = 4; lastKnownFileType = sourcecode.c.objc; path = BFAppLinkTarget.m; sourceTree = "<group>"; };
		339CA2EC1A88182C009DF431 /* BFExecutor.h */ = {isa = PBXFileReference; fileEncoding = 4; lastKnownFileType = sourcecode.c.h; lineEnding = 0; path = BFExecutor.h; sourceTree = "<group>"; xcLanguageSpecificationIdentifier = xcode.lang.objcpp; };
		339CA2ED1A88182C009DF431 /* BFExecutor.m */ = {isa = PBXFileReference; fileEncoding = 4; lastKnownFileType = sourcecode.c.objc; path = BFExecutor.m; sourceTree = "<group>"; };
		339CA2EE1A88182C009DF431 /* BFMeasurementEvent.h */ = {isa = PBXFileReference; fileEncoding = 4; lastKnownFileType = sourcecode.c.h; lineEnding = 0; path = BFMeasurementEvent.h; sourceTree = "<group>"; xcLanguageSpecificationIdentifier = xcode.lang.objcpp; };
		339CA2EF1A88182C009DF431 /* BFMeasurementEvent.m */ = {isa = PBXFileReference; fileEncoding = 4; lastKnownFileType = sourcecode.c.objc; path = BFMeasurementEvent.m; sourceTree = "<group>"; };
		339CA2F01A88182C009DF431 /* BFMeasurementEvent_Internal.h */ = {isa = PBXFileReference; fileEncoding = 4; lastKnownFileType = sourcecode.c.h; path = BFMeasurementEvent_Internal.h; sourceTree = "<group>"; };
		339CA2F11A88182C009DF431 /* BFTask.h */ = {isa = PBXFileReference; fileEncoding = 4; lastKnownFileType = sourcecode.c.h; lineEnding = 0; path = BFTask.h; sourceTree = "<group>"; xcLanguageSpecificationIdentifier = xcode.lang.objcpp; };
		339CA2F21A88182C009DF431 /* BFTask.m */ = {isa = PBXFileReference; fileEncoding = 4; lastKnownFileType = sourcecode.c.objc; lineEnding = 0; path = BFTask.m; sourceTree = "<group>"; xcLanguageSpecificationIdentifier = xcode.lang.objc; };
		339CA2F31A88182C009DF431 /* BFTaskCompletionSource.h */ = {isa = PBXFileReference; fileEncoding = 4; lastKnownFileType = sourcecode.c.h; lineEnding = 0; path = BFTaskCompletionSource.h; sourceTree = "<group>"; xcLanguageSpecificationIdentifier = xcode.lang.objcpp; };
		339CA2F41A88182C009DF431 /* BFTaskCompletionSource.m */ = {isa = PBXFileReference; fileEncoding = 4; lastKnownFileType = sourcecode.c.objc; path = BFTaskCompletionSource.m; sourceTree = "<group>"; };
		339CA2F51A88182C009DF431 /* BFURL.h */ = {isa = PBXFileReference; fileEncoding = 4; lastKnownFileType = sourcecode.c.h; lineEnding = 0; path = BFURL.h; sourceTree = "<group>"; xcLanguageSpecificationIdentifier = xcode.lang.objcpp; };
		339CA2F61A88182C009DF431 /* BFURL.m */ = {isa = PBXFileReference; fileEncoding = 4; lastKnownFileType = sourcecode.c.objc; path = BFURL.m; sourceTree = "<group>"; };
		339CA2F71A88182C009DF431 /* BFURL_Internal.h */ = {isa = PBXFileReference; fileEncoding = 4; lastKnownFileType = sourcecode.c.h; lineEnding = 0; path = BFURL_Internal.h; sourceTree = "<group>"; xcLanguageSpecificationIdentifier = xcode.lang.objcpp; };
		339CA2F81A88182C009DF431 /* BFWebViewAppLinkResolver.h */ = {isa = PBXFileReference; fileEncoding = 4; lastKnownFileType = sourcecode.c.h; path = BFWebViewAppLinkResolver.h; sourceTree = "<group>"; };
		339CA2F91A88182C009DF431 /* BFWebViewAppLinkResolver.m */ = {isa = PBXFileReference; fileEncoding = 4; lastKnownFileType = sourcecode.c.objc; lineEnding = 0; path = BFWebViewAppLinkResolver.m; sourceTree = "<group>"; xcLanguageSpecificationIdentifier = xcode.lang.objc; };
		339CA2FA1A88182C009DF431 /* Bolts.h */ = {isa = PBXFileReference; fileEncoding = 4; lastKnownFileType = sourcecode.c.h; path = Bolts.h; sourceTree = "<group>"; };
		339CA2FB1A88182C009DF431 /* Bolts.m */ = {isa = PBXFileReference; fileEncoding = 4; lastKnownFileType = sourcecode.c.objc; path = Bolts.m; sourceTree = "<group>"; };
		339CA2FC1A88182C009DF431 /* BoltsVersion.h */ = {isa = PBXFileReference; fileEncoding = 4; lastKnownFileType = sourcecode.c.h; path = BoltsVersion.h; sourceTree = "<group>"; };
		339CA3091A882B95009DF431 /* ImageDecoder.h */ = {isa = PBXFileReference; fileEncoding = 4; lastKnownFileType = sourcecode.c.h; path = ImageDecoder.h; sourceTree = "<group>"; };
		339CA30A1A882B95009DF431 /* ImageDecoder.m */ = {isa = PBXFileReference; fileEncoding = 4; lastKnownFileType = sourcecode.c.objc; path = ImageDecoder.m; sourceTree = "<group>"; };
		339CA30C1A882BFF009DF431 /* CryptoHash.h */ = {isa = PBXFileReference; fileEncoding = 4; lastKnownFileType = sourcecode.c.h; path = CryptoHash.h; sourceTree = "<group>"; };
		339CA30D1A882BFF009DF431 /* CryptoHash.m */ = {isa = PBXFileReference; fileEncoding = 4; lastKnownFileType = sourcecode.c.objc; path = CryptoHash.m; sourceTree = "<group>"; };
		33ACE3A01A8A4640003AE463 /* LogoCollectionViewController.h */ = {isa = PBXFileReference; fileEncoding = 4; lastKnownFileType = sourcecode.c.h; path = LogoCollectionViewController.h; sourceTree = "<group>"; };
		33ACE3A11A8A4640003AE463 /* LogoCollectionViewController.m */ = {isa = PBXFileReference; fileEncoding = 4; lastKnownFileType = sourcecode.c.objc; path = LogoCollectionViewController.m; sourceTree = "<group>"; };
		33ACE3A31A8A48B1003AE463 /* JSONHalFormatter.h */ = {isa = PBXFileReference; fileEncoding = 4; lastKnownFileType = sourcecode.c.h; path = JSONHalFormatter.h; sourceTree = "<group>"; };
		33ACE3A41A8A48B1003AE463 /* JSONHalFormatter.m */ = {isa = PBXFileReference; fileEncoding = 4; lastKnownFileType = sourcecode.c.objc; path = JSONHalFormatter.m; sourceTree = "<group>"; };
		33ACE3AA1A8A4C97003AE463 /* ConnectionDetection.h */ = {isa = PBXFileReference; fileEncoding = 4; lastKnownFileType = sourcecode.c.h; path = ConnectionDetection.h; sourceTree = "<group>"; };
		33ACE3AB1A8A4C97003AE463 /* ConnectionDetection.m */ = {isa = PBXFileReference; fileEncoding = 4; lastKnownFileType = sourcecode.c.objc; path = ConnectionDetection.m; sourceTree = "<group>"; };
		33ACE3AC1A8A4C97003AE463 /* Network.h */ = {isa = PBXFileReference; fileEncoding = 4; lastKnownFileType = sourcecode.c.h; path = Network.h; sourceTree = "<group>"; };
		33ACE3AD1A8A4C97003AE463 /* Network.m */ = {isa = PBXFileReference; fileEncoding = 4; lastKnownFileType = sourcecode.c.objc; path = Network.m; sourceTree = "<group>"; };
		33ACE3B21A8A4C97003AE463 /* Reachability.h */ = {isa = PBXFileReference; fileEncoding = 4; lastKnownFileType = sourcecode.c.h; path = Reachability.h; sourceTree = "<group>"; };
		33ACE3B31A8A4C97003AE463 /* Reachability.m */ = {isa = PBXFileReference; fileEncoding = 4; lastKnownFileType = sourcecode.c.objc; path = Reachability.m; sourceTree = "<group>"; };
		33ACE3B81A8A4D89003AE463 /* NetworkParameter.h */ = {isa = PBXFileReference; fileEncoding = 4; lastKnownFileType = sourcecode.c.h; path = NetworkParameter.h; sourceTree = "<group>"; };
		33ACE3B91A8A4F62003AE463 /* NetworkTask.h */ = {isa = PBXFileReference; fileEncoding = 4; lastKnownFileType = sourcecode.c.h; path = NetworkTask.h; sourceTree = "<group>"; };
		33ACE3BA1A8A4F62003AE463 /* NetworkTask.m */ = {isa = PBXFileReference; fileEncoding = 4; lastKnownFileType = sourcecode.c.objc; path = NetworkTask.m; sourceTree = "<group>"; };
		33ACE3BF1A8A5D17003AE463 /* ImageCollectionViewCell.h */ = {isa = PBXFileReference; fileEncoding = 4; lastKnownFileType = sourcecode.c.h; path = ImageCollectionViewCell.h; sourceTree = "<group>"; };
		33ACE3C01A8A5D17003AE463 /* ImageCollectionViewCell.m */ = {isa = PBXFileReference; fileEncoding = 4; lastKnownFileType = sourcecode.c.objc; path = ImageCollectionViewCell.m; sourceTree = "<group>"; };
/* End PBXFileReference section */

/* Begin PBXFrameworksBuildPhase section */
		339CA1ED1A87FEBB009DF431 /* Frameworks */ = {
			isa = PBXFrameworksBuildPhase;
			buildActionMask = 2147483647;
			files = (
			);
			runOnlyForDeploymentPostprocessing = 0;
		};
		339CA2091A87FEBB009DF431 /* Frameworks */ = {
			isa = PBXFrameworksBuildPhase;
			buildActionMask = 2147483647;
			files = (
			);
			runOnlyForDeploymentPostprocessing = 0;
		};
/* End PBXFrameworksBuildPhase section */

/* Begin PBXGroup section */
		338F6AE51A8A910C00B4C18C /* CSURITemplate */ = {
			isa = PBXGroup;
			children = (
				338F6AE61A8A910C00B4C18C /* CSURITemplate.h */,
				338F6AE71A8A910C00B4C18C /* CSURITemplate.m */,
			);
			path = CSURITemplate;
			sourceTree = "<group>";
		};
		339CA1E71A87FEBB009DF431 = {
			isa = PBXGroup;
			children = (
				339CA1F21A87FEBB009DF431 /* MTURLImageCache */,
				339CA20F1A87FEBB009DF431 /* MTURLImageCacheTests */,
				339CA1F11A87FEBB009DF431 /* Products */,
			);
			sourceTree = "<group>";
		};
		339CA1F11A87FEBB009DF431 /* Products */ = {
			isa = PBXGroup;
			children = (
				339CA1F01A87FEBB009DF431 /* MTURLImageCache.app */,
				339CA20C1A87FEBB009DF431 /* MTURLImageCacheTests.xctest */,
			);
			name = Products;
			sourceTree = "<group>";
		};
		339CA1F21A87FEBB009DF431 /* MTURLImageCache */ = {
			isa = PBXGroup;
			children = (
				33ACE3A91A8A4C97003AE463 /* Network */,
				339CA2251A87FF31009DF431 /* Utilites */,
				339CA22C1A87FF31009DF431 /* VC */,
				339CA2201A87FF31009DF431 /* MTURLCache */,
				339CA2001A87FEBB009DF431 /* Main.storyboard */,
				339CA2051A87FEBB009DF431 /* LaunchScreen.xib */,
				339CA2031A87FEBB009DF431 /* Images.xcassets */,
				339CA21C1A87FF31009DF431 /* Main */,
				339CA1F31A87FEBB009DF431 /* Supporting Files */,
				339CA2231A87FF31009DF431 /* ThirdParty */,
			);
			path = MTURLImageCache;
			sourceTree = "<group>";
		};
		339CA1F31A87FEBB009DF431 /* Supporting Files */ = {
			isa = PBXGroup;
			children = (
				339CA1F41A87FEBB009DF431 /* Info.plist */,
			);
			name = "Supporting Files";
			sourceTree = "<group>";
		};
		339CA20F1A87FEBB009DF431 /* MTURLImageCacheTests */ = {
			isa = PBXGroup;
			children = (
				339CA2121A87FEBB009DF431 /* MTURLImageCacheTests.m */,
				339CA2101A87FEBB009DF431 /* Supporting Files */,
			);
			path = MTURLImageCacheTests;
			sourceTree = "<group>";
		};
		339CA2101A87FEBB009DF431 /* Supporting Files */ = {
			isa = PBXGroup;
			children = (
				339CA2111A87FEBB009DF431 /* Info.plist */,
			);
			name = "Supporting Files";
			sourceTree = "<group>";
		};
		339CA21C1A87FF31009DF431 /* Main */ = {
			isa = PBXGroup;
			children = (
				339CA21D1A87FF31009DF431 /* AppDelegate.h */,
				339CA21E1A87FF31009DF431 /* AppDelegate.m */,
				339CA21F1A87FF31009DF431 /* main.m */,
			);
			path = Main;
			sourceTree = "<group>";
		};
		339CA2201A87FF31009DF431 /* MTURLCache */ = {
			isa = PBXGroup;
			children = (
				339CA2211A87FF31009DF431 /* MTURLImageCache.h */,
				339CA2221A87FF31009DF431 /* MTURLImageCache.m */,
				339CA3091A882B95009DF431 /* ImageDecoder.h */,
				339CA30A1A882B95009DF431 /* ImageDecoder.m */,
				339CA30C1A882BFF009DF431 /* CryptoHash.h */,
				339CA30D1A882BFF009DF431 /* CryptoHash.m */,
			);
			path = MTURLCache;
			sourceTree = "<group>";
		};
		339CA2231A87FF31009DF431 /* ThirdParty */ = {
			isa = PBXGroup;
			children = (
				339CA2DE1A88182C009DF431 /* Bolts */,
				338F6AE51A8A910C00B4C18C /* CSURITemplate */,
			);
			path = ThirdParty;
			sourceTree = "<group>";
		};
		339CA2251A87FF31009DF431 /* Utilites */ = {
			isa = PBXGroup;
			children = (
				339CA2261A87FF31009DF431 /* AppDirectory.h */,
				339CA2271A87FF31009DF431 /* AppDirectory.m */,
				339CA22A1A87FF31009DF431 /* DeviceInfo.h */,
				339CA22B1A87FF31009DF431 /* DeviceInfo.m */,
				33ACE3A31A8A48B1003AE463 /* JSONHalFormatter.h */,
				33ACE3A41A8A48B1003AE463 /* JSONHalFormatter.m */,
			);
			path = Utilites;
			sourceTree = "<group>";
		};
		339CA22C1A87FF31009DF431 /* VC */ = {
			isa = PBXGroup;
			children = (
				33ACE3BF1A8A5D17003AE463 /* ImageCollectionViewCell.h */,
				33ACE3C01A8A5D17003AE463 /* ImageCollectionViewCell.m */,
				33ACE3A01A8A4640003AE463 /* LogoCollectionViewController.h */,
				33ACE3A11A8A4640003AE463 /* LogoCollectionViewController.m */,
				3353B67D1A8E24FE008F03F3 /* HeaderTableViewCell.h */,
				3353B67E1A8E24FE008F03F3 /* HeaderTableViewCell.m */,
				3353B67A1A8E1D23008F03F3 /* HeaderTableViewController.h */,
				3353B67B1A8E1D23008F03F3 /* HeaderTableViewController.m */,
			);
			path = VC;
			sourceTree = "<group>";
		};
		339CA2DE1A88182C009DF431 /* Bolts */ = {
			isa = PBXGroup;
			children = (
				339CA2DF1A88182C009DF431 /* BFAppLink.h */,
				339CA2E01A88182C009DF431 /* BFAppLink.m */,
				339CA2E11A88182C009DF431 /* BFAppLink_Internal.h */,
				339CA2E21A88182C009DF431 /* BFAppLinkNavigation.h */,
				339CA2E31A88182C009DF431 /* BFAppLinkNavigation.m */,
				339CA2E41A88182C009DF431 /* BFAppLinkResolving.h */,
				339CA2E51A88182C009DF431 /* BFAppLinkReturnToRefererController.h */,
				339CA2E61A88182C009DF431 /* BFAppLinkReturnToRefererController.m */,
				339CA2E71A88182C009DF431 /* BFAppLinkReturnToRefererView.h */,
				339CA2E81A88182C009DF431 /* BFAppLinkReturnToRefererView.m */,
				339CA2E91A88182C009DF431 /* BFAppLinkReturnToRefererView_Internal.h */,
				339CA2EA1A88182C009DF431 /* BFAppLinkTarget.h */,
				339CA2EB1A88182C009DF431 /* BFAppLinkTarget.m */,
				339CA2EC1A88182C009DF431 /* BFExecutor.h */,
				339CA2ED1A88182C009DF431 /* BFExecutor.m */,
				339CA2EE1A88182C009DF431 /* BFMeasurementEvent.h */,
				339CA2EF1A88182C009DF431 /* BFMeasurementEvent.m */,
				339CA2F01A88182C009DF431 /* BFMeasurementEvent_Internal.h */,
				339CA2F11A88182C009DF431 /* BFTask.h */,
				339CA2F21A88182C009DF431 /* BFTask.m */,
				339CA2F31A88182C009DF431 /* BFTaskCompletionSource.h */,
				339CA2F41A88182C009DF431 /* BFTaskCompletionSource.m */,
				339CA2F51A88182C009DF431 /* BFURL.h */,
				339CA2F61A88182C009DF431 /* BFURL.m */,
				339CA2F71A88182C009DF431 /* BFURL_Internal.h */,
				339CA2F81A88182C009DF431 /* BFWebViewAppLinkResolver.h */,
				339CA2F91A88182C009DF431 /* BFWebViewAppLinkResolver.m */,
				339CA2FA1A88182C009DF431 /* Bolts.h */,
				339CA2FB1A88182C009DF431 /* Bolts.m */,
				339CA2FC1A88182C009DF431 /* BoltsVersion.h */,
			);
			path = Bolts;
			sourceTree = "<group>";
		};
		33ACE3A91A8A4C97003AE463 /* Network */ = {
			isa = PBXGroup;
			children = (
				33ACE3B81A8A4D89003AE463 /* NetworkParameter.h */,
				33ACE3AA1A8A4C97003AE463 /* ConnectionDetection.h */,
				33ACE3AB1A8A4C97003AE463 /* ConnectionDetection.m */,
				33ACE3AC1A8A4C97003AE463 /* Network.h */,
				33ACE3AD1A8A4C97003AE463 /* Network.m */,
				33ACE3B11A8A4C97003AE463 /* Reachability */,
				33ACE3B91A8A4F62003AE463 /* NetworkTask.h */,
				33ACE3BA1A8A4F62003AE463 /* NetworkTask.m */,
			);
			path = Network;
			sourceTree = "<group>";
		};
		33ACE3B11A8A4C97003AE463 /* Reachability */ = {
			isa = PBXGroup;
			children = (
				33ACE3B21A8A4C97003AE463 /* Reachability.h */,
				33ACE3B31A8A4C97003AE463 /* Reachability.m */,
			);
			path = Reachability;
			sourceTree = "<group>";
		};
/* End PBXGroup section */

/* Begin PBXNativeTarget section */
		339CA1EF1A87FEBB009DF431 /* Idmaniac */ = {
			isa = PBXNativeTarget;
			buildConfigurationList = 339CA2161A87FEBB009DF431 /* Build configuration list for PBXNativeTarget "Idmaniac" */;
			buildPhases = (
				339CA1EC1A87FEBB009DF431 /* Sources */,
				339CA1ED1A87FEBB009DF431 /* Frameworks */,
				339CA1EE1A87FEBB009DF431 /* Resources */,
			);
			buildRules = (
			);
			dependencies = (
			);
			name = Idmaniac;
			productName = MTURLImageCache;
			productReference = 339CA1F01A87FEBB009DF431 /* MTURLImageCache.app */;
			productType = "com.apple.product-type.application";
		};
		339CA20B1A87FEBB009DF431 /* MTURLImageCacheTests */ = {
			isa = PBXNativeTarget;
			buildConfigurationList = 339CA2191A87FEBB009DF431 /* Build configuration list for PBXNativeTarget "MTURLImageCacheTests" */;
			buildPhases = (
				339CA2081A87FEBB009DF431 /* Sources */,
				339CA2091A87FEBB009DF431 /* Frameworks */,
				339CA20A1A87FEBB009DF431 /* Resources */,
			);
			buildRules = (
			);
			dependencies = (
				339CA20E1A87FEBB009DF431 /* PBXTargetDependency */,
			);
			name = MTURLImageCacheTests;
			productName = MTURLImageCacheTests;
			productReference = 339CA20C1A87FEBB009DF431 /* MTURLImageCacheTests.xctest */;
			productType = "com.apple.product-type.bundle.unit-test";
		};
/* End PBXNativeTarget section */

/* Begin PBXProject section */
		339CA1E81A87FEBB009DF431 /* Project object */ = {
			isa = PBXProject;
			attributes = {
				LastUpgradeCheck = 0610;
				ORGANIZATIONNAME = MineTilbud;
				TargetAttributes = {
					339CA1EF1A87FEBB009DF431 = {
						CreatedOnToolsVersion = 6.1.1;
					};
					339CA20B1A87FEBB009DF431 = {
						CreatedOnToolsVersion = 6.1.1;
						TestTargetID = 339CA1EF1A87FEBB009DF431;
					};
				};
			};
			buildConfigurationList = 339CA1EB1A87FEBB009DF431 /* Build configuration list for PBXProject "MTURLImageCache" */;
			compatibilityVersion = "Xcode 3.2";
			developmentRegion = English;
			hasScannedForEncodings = 0;
			knownRegions = (
				en,
				Base,
			);
			mainGroup = 339CA1E71A87FEBB009DF431;
			productRefGroup = 339CA1F11A87FEBB009DF431 /* Products */;
			projectDirPath = "";
			projectRoot = "";
			targets = (
				339CA1EF1A87FEBB009DF431 /* Idmaniac */,
				339CA20B1A87FEBB009DF431 /* MTURLImageCacheTests */,
			);
		};
/* End PBXProject section */

/* Begin PBXResourcesBuildPhase section */
		339CA1EE1A87FEBB009DF431 /* Resources */ = {
			isa = PBXResourcesBuildPhase;
			buildActionMask = 2147483647;
			files = (
				339CA2021A87FEBB009DF431 /* Main.storyboard in Resources */,
				339CA2071A87FEBB009DF431 /* LaunchScreen.xib in Resources */,
				339CA2041A87FEBB009DF431 /* Images.xcassets in Resources */,
			);
			runOnlyForDeploymentPostprocessing = 0;
		};
		339CA20A1A87FEBB009DF431 /* Resources */ = {
			isa = PBXResourcesBuildPhase;
			buildActionMask = 2147483647;
			files = (
			);
			runOnlyForDeploymentPostprocessing = 0;
		};
/* End PBXResourcesBuildPhase section */

/* Begin PBXSourcesBuildPhase section */
		339CA1EC1A87FEBB009DF431 /* Sources */ = {
			isa = PBXSourcesBuildPhase;
			buildActionMask = 2147483647;
			files = (
				33ACE3B71A8A4C97003AE463 /* Reachability.m in Sources */,
				339CA30E1A882BFF009DF431 /* CryptoHash.m in Sources */,
				339CA3011A88182C009DF431 /* BFAppLinkTarget.m in Sources */,
				339CA3081A88182C009DF431 /* Bolts.m in Sources */,
				3353B67F1A8E24FE008F03F3 /* HeaderTableViewCell.m in Sources */,
				339CA3021A88182C009DF431 /* BFExecutor.m in Sources */,
				339CA3001A88182C009DF431 /* BFAppLinkReturnToRefererView.m in Sources */,
				339CA2331A87FF31009DF431 /* MTURLImageCache.m in Sources */,
				339CA2321A87FF31009DF431 /* main.m in Sources */,
				338F6AE81A8A910C00B4C18C /* CSURITemplate.m in Sources */,
				339CA3071A88182C009DF431 /* BFWebViewAppLinkResolver.m in Sources */,
				339CA2361A87FF31009DF431 /* DeviceInfo.m in Sources */,
				33ACE3A21A8A4640003AE463 /* LogoCollectionViewController.m in Sources */,
				339CA3061A88182C009DF431 /* BFURL.m in Sources */,
				33ACE3BB1A8A4F62003AE463 /* NetworkTask.m in Sources */,
				339CA2311A87FF31009DF431 /* AppDelegate.m in Sources */,
				339CA2FF1A88182C009DF431 /* BFAppLinkReturnToRefererController.m in Sources */,
				33ACE3A51A8A48B1003AE463 /* JSONHalFormatter.m in Sources */,
				339CA3051A88182C009DF431 /* BFTaskCompletionSource.m in Sources */,
				3353B67C1A8E1D23008F03F3 /* HeaderTableViewController.m in Sources */,
				339CA2FE1A88182C009DF431 /* BFAppLinkNavigation.m in Sources */,
				33ACE3B41A8A4C97003AE463 /* ConnectionDetection.m in Sources */,
				339CA2FD1A88182C009DF431 /* BFAppLink.m in Sources */,
				339CA2341A87FF31009DF431 /* AppDirectory.m in Sources */,
				339CA30B1A882B95009DF431 /* ImageDecoder.m in Sources */,
				339CA3041A88182C009DF431 /* BFTask.m in Sources */,
				33ACE3B51A8A4C97003AE463 /* Network.m in Sources */,
				33ACE3C11A8A5D17003AE463 /* ImageCollectionViewCell.m in Sources */,
				339CA3031A88182C009DF431 /* BFMeasurementEvent.m in Sources */,
			);
			runOnlyForDeploymentPostprocessing = 0;
		};
		339CA2081A87FEBB009DF431 /* Sources */ = {
			isa = PBXSourcesBuildPhase;
			buildActionMask = 2147483647;
			files = (
				339CA2131A87FEBB009DF431 /* MTURLImageCacheTests.m in Sources */,
			);
			runOnlyForDeploymentPostprocessing = 0;
		};
/* End PBXSourcesBuildPhase section */

/* Begin PBXTargetDependency section */
		339CA20E1A87FEBB009DF431 /* PBXTargetDependency */ = {
			isa = PBXTargetDependency;
			target = 339CA1EF1A87FEBB009DF431 /* Idmaniac */;
			targetProxy = 339CA20D1A87FEBB009DF431 /* PBXContainerItemProxy */;
		};
/* End PBXTargetDependency section */

/* Begin PBXVariantGroup section */
		339CA2001A87FEBB009DF431 /* Main.storyboard */ = {
			isa = PBXVariantGroup;
			children = (
				339CA2011A87FEBB009DF431 /* Base */,
			);
			name = Main.storyboard;
			sourceTree = "<group>";
		};
		339CA2051A87FEBB009DF431 /* LaunchScreen.xib */ = {
			isa = PBXVariantGroup;
			children = (
				339CA2061A87FEBB009DF431 /* Base */,
			);
			name = LaunchScreen.xib;
			sourceTree = "<group>";
		};
/* End PBXVariantGroup section */

/* Begin XCBuildConfiguration section */
		339CA2141A87FEBB009DF431 /* Debug */ = {
			isa = XCBuildConfiguration;
			buildSettings = {
				ALWAYS_SEARCH_USER_PATHS = NO;
				CLANG_CXX_LANGUAGE_STANDARD = "gnu++0x";
				CLANG_CXX_LIBRARY = "libc++";
				CLANG_ENABLE_MODULES = YES;
				CLANG_ENABLE_OBJC_ARC = YES;
				CLANG_STATIC_ANALYZER_MODE = deep;
				CLANG_WARN_BOOL_CONVERSION = YES;
				CLANG_WARN_CONSTANT_CONVERSION = YES;
				CLANG_WARN_DIRECT_OBJC_ISA_USAGE = YES_ERROR;
				CLANG_WARN_EMPTY_BODY = YES;
				CLANG_WARN_ENUM_CONVERSION = YES;
				CLANG_WARN_INT_CONVERSION = YES;
				CLANG_WARN_OBJC_ROOT_CLASS = YES_ERROR;
				CLANG_WARN_UNREACHABLE_CODE = YES;
				CLANG_WARN__DUPLICATE_METHOD_MATCH = YES;
				"CODE_SIGN_IDENTITY[sdk=iphoneos*]" = "iPhone Developer";
				COPY_PHASE_STRIP = NO;
				ENABLE_STRICT_OBJC_MSGSEND = YES;
				GCC_C_LANGUAGE_STANDARD = gnu99;
				GCC_DYNAMIC_NO_PIC = NO;
				GCC_OPTIMIZATION_LEVEL = 0;
				GCC_PREPROCESSOR_DEFINITIONS = (
					"DEBUG=1",
					"$(inherited)",
				);
				GCC_SYMBOLS_PRIVATE_EXTERN = NO;
				GCC_WARN_64_TO_32_BIT_CONVERSION = YES;
				GCC_WARN_ABOUT_RETURN_TYPE = YES_ERROR;
				GCC_WARN_UNDECLARED_SELECTOR = YES;
				GCC_WARN_UNINITIALIZED_AUTOS = YES_AGGRESSIVE;
				GCC_WARN_UNUSED_FUNCTION = YES;
				GCC_WARN_UNUSED_VARIABLE = YES;
				IPHONEOS_DEPLOYMENT_TARGET = 7.0;
				LLVM_LTO = YES;
				MTL_ENABLE_DEBUG_INFO = YES;
				ONLY_ACTIVE_ARCH = YES;
				RUN_CLANG_STATIC_ANALYZER = YES;
				SDKROOT = iphoneos;
			};
			name = Debug;
		};
		339CA2151A87FEBB009DF431 /* Release */ = {
			isa = XCBuildConfiguration;
			buildSettings = {
				ALWAYS_SEARCH_USER_PATHS = NO;
				CLANG_CXX_LANGUAGE_STANDARD = "gnu++0x";
				CLANG_CXX_LIBRARY = "libc++";
				CLANG_ENABLE_MODULES = YES;
				CLANG_ENABLE_OBJC_ARC = YES;
				CLANG_STATIC_ANALYZER_MODE = deep;
				CLANG_WARN_BOOL_CONVERSION = YES;
				CLANG_WARN_CONSTANT_CONVERSION = YES;
				CLANG_WARN_DIRECT_OBJC_ISA_USAGE = YES_ERROR;
				CLANG_WARN_EMPTY_BODY = YES;
				CLANG_WARN_ENUM_CONVERSION = YES;
				CLANG_WARN_INT_CONVERSION = YES;
				CLANG_WARN_OBJC_ROOT_CLASS = YES_ERROR;
				CLANG_WARN_UNREACHABLE_CODE = YES;
				CLANG_WARN__DUPLICATE_METHOD_MATCH = YES;
				"CODE_SIGN_IDENTITY[sdk=iphoneos*]" = "iPhone Developer";
				COPY_PHASE_STRIP = YES;
				ENABLE_NS_ASSERTIONS = NO;
				ENABLE_STRICT_OBJC_MSGSEND = YES;
				GCC_C_LANGUAGE_STANDARD = gnu99;
				GCC_OPTIMIZATION_LEVEL = fast;
				GCC_WARN_64_TO_32_BIT_CONVERSION = YES;
				GCC_WARN_ABOUT_RETURN_TYPE = YES_ERROR;
				GCC_WARN_UNDECLARED_SELECTOR = YES;
				GCC_WARN_UNINITIALIZED_AUTOS = YES_AGGRESSIVE;
				GCC_WARN_UNUSED_FUNCTION = YES;
				GCC_WARN_UNUSED_VARIABLE = YES;
				IPHONEOS_DEPLOYMENT_TARGET = 7.0;
				LLVM_LTO = YES;
				MTL_ENABLE_DEBUG_INFO = NO;
				RUN_CLANG_STATIC_ANALYZER = YES;
				SDKROOT = iphoneos;
				VALIDATE_PRODUCT = YES;
			};
			name = Release;
		};
		339CA2171A87FEBB009DF431 /* Debug */ = {
			isa = XCBuildConfiguration;
			buildSettings = {
				ASSETCATALOG_COMPILER_APPICON_NAME = AppIcon;
				ASSETCATALOG_COMPILER_LAUNCHIMAGE_NAME = LaunchImage;
				INFOPLIST_FILE = MTURLImageCache/Info.plist;
				LD_RUNPATH_SEARCH_PATHS = "$(inherited) @executable_path/Frameworks";
				PRODUCT_NAME = "$(TARGET_NAME)";
				TARGETED_DEVICE_FAMILY = "1,2";
			};
			name = Debug;
		};
		339CA2181A87FEBB009DF431 /* Release */ = {
			isa = XCBuildConfiguration;
			buildSettings = {
				ASSETCATALOG_COMPILER_APPICON_NAME = AppIcon;
				ASSETCATALOG_COMPILER_LAUNCHIMAGE_NAME = LaunchImage;
				INFOPLIST_FILE = MTURLImageCache/Info.plist;
				LD_RUNPATH_SEARCH_PATHS = "$(inherited) @executable_path/Frameworks";
				PRODUCT_NAME = "$(TARGET_NAME)";
				TARGETED_DEVICE_FAMILY = "1,2";
			};
			name = Release;
		};
		339CA21A1A87FEBB009DF431 /* Debug */ = {
			isa = XCBuildConfiguration;
			buildSettings = {
				BUNDLE_LOADER = "$(TEST_HOST)";
				FRAMEWORK_SEARCH_PATHS = (
					"$(SDKROOT)/Developer/Library/Frameworks",
					"$(inherited)",
				);
				GCC_PREPROCESSOR_DEFINITIONS = (
					"DEBUG=1",
					"$(inherited)",
				);
				INFOPLIST_FILE = MTURLImageCacheTests/Info.plist;
				LD_RUNPATH_SEARCH_PATHS = "$(inherited) @executable_path/Frameworks @loader_path/Frameworks";
				PRODUCT_NAME = "$(TARGET_NAME)";
				TEST_HOST = "$(BUILT_PRODUCTS_DIR)/MTURLImageCache.app/MTURLImageCache";
			};
			name = Debug;
		};
		339CA21B1A87FEBB009DF431 /* Release */ = {
			isa = XCBuildConfiguration;
			buildSettings = {
				BUNDLE_LOADER = "$(TEST_HOST)";
				FRAMEWORK_SEARCH_PATHS = (
					"$(SDKROOT)/Developer/Library/Frameworks",
					"$(inherited)",
				);
				INFOPLIST_FILE = MTURLImageCacheTests/Info.plist;
				LD_RUNPATH_SEARCH_PATHS = "$(inherited) @executable_path/Frameworks @loader_path/Frameworks";
				PRODUCT_NAME = "$(TARGET_NAME)";
				TEST_HOST = "$(BUILT_PRODUCTS_DIR)/MTURLImageCache.app/MTURLImageCache";
			};
			name = Release;
		};
/* End XCBuildConfiguration section */

/* Begin XCConfigurationList section */
		339CA1EB1A87FEBB009DF431 /* Build configuration list for PBXProject "MTURLImageCache" */ = {
			isa = XCConfigurationList;
			buildConfigurations = (
				339CA2141A87FEBB009DF431 /* Debug */,
				339CA2151A87FEBB009DF431 /* Release */,
			);
			defaultConfigurationIsVisible = 0;
			defaultConfigurationName = Release;
		};
		339CA2161A87FEBB009DF431 /* Build configuration list for PBXNativeTarget "Idmaniac" */ = {
			isa = XCConfigurationList;
			buildConfigurations = (
				339CA2171A87FEBB009DF431 /* Debug */,
				339CA2181A87FEBB009DF431 /* Release */,
			);
			defaultConfigurationIsVisible = 0;
			defaultConfigurationName = Release;
		};
		339CA2191A87FEBB009DF431 /* Build configuration list for PBXNativeTarget "MTURLImageCacheTests" */ = {
			isa = XCConfigurationList;
			buildConfigurations = (
				339CA21A1A87FEBB009DF431 /* Debug */,
				339CA21B1A87FEBB009DF431 /* Release */,
			);
			defaultConfigurationIsVisible = 0;
			defaultConfigurationName = Release;
		};
/* End XCConfigurationList section */
	};
	rootObject = 339CA1E81A87FEBB009DF431 /* Project object */;
}
